// !$*UTF8*$!
{
	archiveVersion = 1;
	classes = {
	};
	objectVersion = 56;
	objects = {

/* Begin PBXBuildFile section */
		9A7FECCD2DA1AE7600BD52BB /* PearlStripeAnimatedView.swift in Sources */ = {isa = PBXBuildFile; fileRef = 9A7FECCC2DA1AE6A00BD52BB /* PearlStripeAnimatedView.swift */; };
		9A98F2352DA1B09D00C08001 /* StylizedPearShape.swift in Sources */ = {isa = PBXBuildFile; fileRef = 9A98F2342DA1B09D00C08001 /* StylizedPearShape.swift */; };
		9A98F2372DA1B10500C08001 /* PearShape.swift in Sources */ = {isa = PBXBuildFile; fileRef = 9A98F2362DA1B10500C08001 /* PearShape.swift */; };
		9A98F2392DA1B13C00C08001 /* DetailedPearShape.swift in Sources */ = {isa = PBXBuildFile; fileRef = 9A98F2382DA1B13B00C08001 /* DetailedPearShape.swift */; };
		9A98F23B2DA1B17C00C08001 /* PearBodyShape.swift in Sources */ = {isa = PBXBuildFile; fileRef = 9A98F23A2DA1B17A00C08001 /* PearBodyShape.swift */; };
		9A98F23D2DA1B1DB00C08001 /* StripesOnPearlShapePreviews.swift in Sources */ = {isa = PBXBuildFile; fileRef = 9A98F23C2DA1B1CD00C08001 /* StripesOnPearlShapePreviews.swift */; };
		9A98F24E2DA1EB3D00C08001 /* SmartCorrecrionAndAssistantView.swift in Sources */ = {isa = PBXBuildFile; fileRef = 9A98F24D2DA1EB3400C08001 /* SmartCorrecrionAndAssistantView.swift */; };
		9A98F2862DA3515900C08001 /* DiscoverView_V1.swift in Sources */ = {isa = PBXBuildFile; fileRef = 9A98F2852DA3515700C08001 /* DiscoverView_V1.swift */; };
		9A98F28A2DA356F700C08001 /* Homescreen.swift in Sources */ = {isa = PBXBuildFile; fileRef = 9A98F2892DA356EB00C08001 /* Homescreen.swift */; };
		9A98F28D2DA3581800C08001 /* ImageMakerView.swift in Sources */ = {isa = PBXBuildFile; fileRef = 9A98F28C2DA3581700C08001 /* ImageMakerView.swift */; };
		9A98F28F2DA3594200C08001 /* ImageMakerView_V2.swift in Sources */ = {isa = PBXBuildFile; fileRef = 9A98F28E2DA3593B00C08001 /* ImageMakerView_V2.swift */; };
		9A98F2912DA35A7A00C08001 /* ProAccessView_V1.swift in Sources */ = {isa = PBXBuildFile; fileRef = 9A98F2902DA35A7900C08001 /* ProAccessView_V1.swift */; };
		9A98F2932DA35B1F00C08001 /* ProAccessView.swift in Sources */ = {isa = PBXBuildFile; fileRef = 9A98F2922DA35B1800C08001 /* ProAccessView.swift */; };
		9A98F2952DA35C5400C08001 /* GeminiChatView_V1.swift in Sources */ = {isa = PBXBuildFile; fileRef = 9A98F2942DA35C5300C08001 /* GeminiChatView_V1.swift */; };
		9A98F2992DA35D7600C08001 /* GeminiChatView_V2.swift in Sources */ = {isa = PBXBuildFile; fileRef = 9A98F2982DA35D7400C08001 /* GeminiChatView_V2.swift */; };
		9AAC417C2C74668B00AC0A60 /* MyApp.swift in Sources */ = {isa = PBXBuildFile; fileRef = 9AAC417B2C74668B00AC0A60 /* MyApp.swift */; };
		9AAC417E2C74668B00AC0A60 /* ContentView.swift in Sources */ = {isa = PBXBuildFile; fileRef = 9AAC417D2C74668B00AC0A60 /* ContentView.swift */; };
		9AAC41802C74668C00AC0A60 /* Assets.xcassets in Resources */ = {isa = PBXBuildFile; fileRef = 9AAC417F2C74668C00AC0A60 /* Assets.xcassets */; };
		9AAC41842C74668C00AC0A60 /* Preview Assets.xcassets in Resources */ = {isa = PBXBuildFile; fileRef = 9AAC41832C74668C00AC0A60 /* Preview Assets.xcassets */; };
		9AAC418B2C7466F000AC0A60 /* UIKitViewControllerWrapper.swift in Sources */ = {isa = PBXBuildFile; fileRef = 9AAC418A2C7466F000AC0A60 /* UIKitViewControllerWrapper.swift */; };
		9ACC62872DA7384900BBCA1A /* AskALeView_V3.swift in Sources */ = {isa = PBXBuildFile; fileRef = 9ACC62862DA7384700BBCA1A /* AskALeView_V3.swift */; };
		9ACC62892DA738CC00BBCA1A /* ChatConversationView.swift in Sources */ = {isa = PBXBuildFile; fileRef = 9ACC62882DA738C900BBCA1A /* ChatConversationView.swift */; };
		9ACC628B2DA7394E00BBCA1A /* ChatRoomsListView.swift in Sources */ = {isa = PBXBuildFile; fileRef = 9ACC628A2DA7394700BBCA1A /* ChatRoomsListView.swift */; };
		9ACC628D2DA739C000BBCA1A /* ChatConversation_V2.swift in Sources */ = {isa = PBXBuildFile; fileRef = 9ACC628C2DA739BF00BBCA1A /* ChatConversation_V2.swift */; };
		9ACC628F2DA73A5B00BBCA1A /* ChatRoomsListView_V2.swift in Sources */ = {isa = PBXBuildFile; fileRef = 9ACC628E2DA73A5500BBCA1A /* ChatRoomsListView_V2.swift */; };
		9AE115922DA081A50096F8FB /* AskALeView.swift in Sources */ = {isa = PBXBuildFile; fileRef = 9AE115912DA081A10096F8FB /* AskALeView.swift */; };
		9AE115942DA084050096F8FB /* AskALeView_V2.swift in Sources */ = {isa = PBXBuildFile; fileRef = 9AE115932DA084030096F8FB /* AskALeView_V2.swift */; };
		9AE115962DA0BDA40096F8FB /* SettingView.swift in Sources */ = {isa = PBXBuildFile; fileRef = 9AE115952DA0BDA10096F8FB /* SettingView.swift */; };
		9AE115982DA0C4210096F8FB /* SendFeedbackView.swift in Sources */ = {isa = PBXBuildFile; fileRef = 9AE115972DA0C41C0096F8FB /* SendFeedbackView.swift */; };
		9AE1159A2DA0C6AA0096F8FB /* RateAppView.swift in Sources */ = {isa = PBXBuildFile; fileRef = 9AE115992DA0C6A60096F8FB /* RateAppView.swift */; };
		9AE1159C2DA0C7950096F8FB /* VietnameseInputSettingsView.swift in Sources */ = {isa = PBXBuildFile; fileRef = 9AE1159B2DA0C78D0096F8FB /* VietnameseInputSettingsView.swift */; };
		9AE115A02DA101150096F8FB /* AskALeAnimatedView.swift in Sources */ = {isa = PBXBuildFile; fileRef = 9AE1159F2DA101040096F8FB /* AskALeAnimatedView.swift */; };
		9AE116052DA147BE0096F8FB /* VietnameseInputSettingsView_V2.swift in Sources */ = {isa = PBXBuildFile; fileRef = 9AE116042DA147B90096F8FB /* VietnameseInputSettingsView_V2.swift */; };
		9AE116072DA14A4F0096F8FB /* VietnameseInputSettingsView_V3.swift in Sources */ = {isa = PBXBuildFile; fileRef = 9AE116062DA14A4B0096F8FB /* VietnameseInputSettingsView_V3.swift */; };
		9AE116162DA17BFB0096F8FB /* RipleView.swift in Sources */ = {isa = PBXBuildFile; fileRef = 9AE116152DA17BF70096F8FB /* RipleView.swift */; };
		9AE116182DA17C1D0096F8FB /* Ripple.metal in Sources */ = {isa = PBXBuildFile; fileRef = 9AE116172DA17C1C0096F8FB /* Ripple.metal */; };
		9AE1161B2DA17CD70096F8FB /* StripeView.swift in Sources */ = {isa = PBXBuildFile; fileRef = 9AE1161A2DA17CD10096F8FB /* StripeView.swift */; };
		9AE1161D2DA17CE40096F8FB /* Stripes.metal in Sources */ = {isa = PBXBuildFile; fileRef = 9AE1161C2DA17CE30096F8FB /* Stripes.metal */; };
/* End PBXBuildFile section */

/* Begin PBXFileReference section */
		9A7FECCC2DA1AE6A00BD52BB /* PearlStripeAnimatedView.swift */ = {isa = PBXFileReference; lastKnownFileType = sourcecode.swift; path = PearlStripeAnimatedView.swift; sourceTree = "<group>"; };
		9A98F2342DA1B09D00C08001 /* StylizedPearShape.swift */ = {isa = PBXFileReference; lastKnownFileType = sourcecode.swift; path = StylizedPearShape.swift; sourceTree = "<group>"; };
		9A98F2362DA1B10500C08001 /* PearShape.swift */ = {isa = PBXFileReference; lastKnownFileType = sourcecode.swift; path = PearShape.swift; sourceTree = "<group>"; };
		9A98F2382DA1B13B00C08001 /* DetailedPearShape.swift */ = {isa = PBXFileReference; lastKnownFileType = sourcecode.swift; path = DetailedPearShape.swift; sourceTree = "<group>"; };
		9A98F23A2DA1B17A00C08001 /* PearBodyShape.swift */ = {isa = PBXFileReference; lastKnownFileType = sourcecode.swift; path = PearBodyShape.swift; sourceTree = "<group>"; };
		9A98F23C2DA1B1CD00C08001 /* StripesOnPearlShapePreviews.swift */ = {isa = PBXFileReference; lastKnownFileType = sourcecode.swift; path = StripesOnPearlShapePreviews.swift; sourceTree = "<group>"; };
		9A98F24D2DA1EB3400C08001 /* SmartCorrecrionAndAssistantView.swift */ = {isa = PBXFileReference; lastKnownFileType = sourcecode.swift; path = SmartCorrecrionAndAssistantView.swift; sourceTree = "<group>"; };
		9A98F2852DA3515700C08001 /* DiscoverView_V1.swift */ = {isa = PBXFileReference; lastKnownFileType = sourcecode.swift; path = DiscoverView_V1.swift; sourceTree = "<group>"; };
		9A98F2892DA356EB00C08001 /* Homescreen.swift */ = {isa = PBXFileReference; lastKnownFileType = sourcecode.swift; path = Homescreen.swift; sourceTree = "<group>"; };
		9A98F28C2DA3581700C08001 /* ImageMakerView.swift */ = {isa = PBXFileReference; lastKnownFileType = sourcecode.swift; path = ImageMakerView.swift; sourceTree = "<group>"; };
		9A98F28E2DA3593B00C08001 /* ImageMakerView_V2.swift */ = {isa = PBXFileReference; lastKnownFileType = sourcecode.swift; path = ImageMakerView_V2.swift; sourceTree = "<group>"; };
		9A98F2902DA35A7900C08001 /* ProAccessView_V1.swift */ = {isa = PBXFileReference; lastKnownFileType = sourcecode.swift; path = ProAccessView_V1.swift; sourceTree = "<group>"; };
		9A98F2922DA35B1800C08001 /* ProAccessView.swift */ = {isa = PBXFileReference; lastKnownFileType = sourcecode.swift; path = ProAccessView.swift; sourceTree = "<group>"; };
		9A98F2942DA35C5300C08001 /* GeminiChatView_V1.swift */ = {isa = PBXFileReference; lastKnownFileType = sourcecode.swift; path = GeminiChatView_V1.swift; sourceTree = "<group>"; };
		9A98F2982DA35D7400C08001 /* GeminiChatView_V2.swift */ = {isa = PBXFileReference; lastKnownFileType = sourcecode.swift; path = GeminiChatView_V2.swift; sourceTree = "<group>"; };
		9AAC41782C74668B00AC0A60 /* MyApp.app */ = {isa = PBXFileReference; explicitFileType = wrapper.application; includeInIndex = 0; path = MyApp.app; sourceTree = BUILT_PRODUCTS_DIR; };
		9AAC417B2C74668B00AC0A60 /* MyApp.swift */ = {isa = PBXFileReference; lastKnownFileType = sourcecode.swift; path = MyApp.swift; sourceTree = "<group>"; };
		9AAC417D2C74668B00AC0A60 /* ContentView.swift */ = {isa = PBXFileReference; lastKnownFileType = sourcecode.swift; path = ContentView.swift; sourceTree = "<group>"; };
		9AAC417F2C74668C00AC0A60 /* Assets.xcassets */ = {isa = PBXFileReference; lastKnownFileType = folder.assetcatalog; path = Assets.xcassets; sourceTree = "<group>"; };
		9AAC41812C74668C00AC0A60 /* MyApp.entitlements */ = {isa = PBXFileReference; lastKnownFileType = text.plist.entitlements; path = MyApp.entitlements; sourceTree = "<group>"; };
		9AAC41832C74668C00AC0A60 /* Preview Assets.xcassets */ = {isa = PBXFileReference; lastKnownFileType = folder.assetcatalog; path = "Preview Assets.xcassets"; sourceTree = "<group>"; };
		9AAC418A2C7466F000AC0A60 /* UIKitViewControllerWrapper.swift */ = {isa = PBXFileReference; lastKnownFileType = sourcecode.swift; path = UIKitViewControllerWrapper.swift; sourceTree = "<group>"; };
		9ACC62862DA7384700BBCA1A /* AskALeView_V3.swift */ = {isa = PBXFileReference; lastKnownFileType = sourcecode.swift; path = AskALeView_V3.swift; sourceTree = "<group>"; };
		9ACC62882DA738C900BBCA1A /* ChatConversationView.swift */ = {isa = PBXFileReference; lastKnownFileType = sourcecode.swift; path = ChatConversationView.swift; sourceTree = "<group>"; };
		9ACC628A2DA7394700BBCA1A /* ChatRoomsListView.swift */ = {isa = PBXFileReference; lastKnownFileType = sourcecode.swift; path = ChatRoomsListView.swift; sourceTree = "<group>"; };
		9ACC628C2DA739BF00BBCA1A /* ChatConversation_V2.swift */ = {isa = PBXFileReference; lastKnownFileType = sourcecode.swift; path = ChatConversation_V2.swift; sourceTree = "<group>"; };
		9ACC628E2DA73A5500BBCA1A /* ChatRoomsListView_V2.swift */ = {isa = PBXFileReference; lastKnownFileType = sourcecode.swift; path = ChatRoomsListView_V2.swift; sourceTree = "<group>"; };
		9AE115912DA081A10096F8FB /* AskALeView.swift */ = {isa = PBXFileReference; lastKnownFileType = sourcecode.swift; path = AskALeView.swift; sourceTree = "<group>"; };
		9AE115932DA084030096F8FB /* AskALeView_V2.swift */ = {isa = PBXFileReference; lastKnownFileType = sourcecode.swift; path = AskALeView_V2.swift; sourceTree = "<group>"; };
		9AE115952DA0BDA10096F8FB /* SettingView.swift */ = {isa = PBXFileReference; lastKnownFileType = sourcecode.swift; path = SettingView.swift; sourceTree = "<group>"; };
		9AE115972DA0C41C0096F8FB /* SendFeedbackView.swift */ = {isa = PBXFileReference; lastKnownFileType = sourcecode.swift; path = SendFeedbackView.swift; sourceTree = "<group>"; };
		9AE115992DA0C6A60096F8FB /* RateAppView.swift */ = {isa = PBXFileReference; lastKnownFileType = sourcecode.swift; path = RateAppView.swift; sourceTree = "<group>"; };
		9AE1159B2DA0C78D0096F8FB /* VietnameseInputSettingsView.swift */ = {isa = PBXFileReference; lastKnownFileType = sourcecode.swift; path = VietnameseInputSettingsView.swift; sourceTree = "<group>"; };
		9AE1159F2DA101040096F8FB /* AskALeAnimatedView.swift */ = {isa = PBXFileReference; lastKnownFileType = sourcecode.swift; path = AskALeAnimatedView.swift; sourceTree = "<group>"; };
		9AE116042DA147B90096F8FB /* VietnameseInputSettingsView_V2.swift */ = {isa = PBXFileReference; lastKnownFileType = sourcecode.swift; path = VietnameseInputSettingsView_V2.swift; sourceTree = "<group>"; };
		9AE116062DA14A4B0096F8FB /* VietnameseInputSettingsView_V3.swift */ = {isa = PBXFileReference; lastKnownFileType = sourcecode.swift; path = VietnameseInputSettingsView_V3.swift; sourceTree = "<group>"; };
		9AE116152DA17BF70096F8FB /* RipleView.swift */ = {isa = PBXFileReference; lastKnownFileType = sourcecode.swift; path = RipleView.swift; sourceTree = "<group>"; };
		9AE116172DA17C1C0096F8FB /* Ripple.metal */ = {isa = PBXFileReference; lastKnownFileType = sourcecode.metal; path = Ripple.metal; sourceTree = "<group>"; };
		9AE1161A2DA17CD10096F8FB /* StripeView.swift */ = {isa = PBXFileReference; lastKnownFileType = sourcecode.swift; path = StripeView.swift; sourceTree = "<group>"; };
		9AE1161C2DA17CE30096F8FB /* Stripes.metal */ = {isa = PBXFileReference; lastKnownFileType = sourcecode.metal; path = Stripes.metal; sourceTree = "<group>"; };
/* End PBXFileReference section */

/* Begin PBXFrameworksBuildPhase section */
		9AAC41752C74668B00AC0A60 /* Frameworks */ = {
			isa = PBXFrameworksBuildPhase;
			buildActionMask = 2147483647;
			files = (
			);
			runOnlyForDeploymentPostprocessing = 0;
		};
/* End PBXFrameworksBuildPhase section */

/* Begin PBXGroup section */
		9A98F23E2DA1B20600C08001 /* Original_Version */ = {
			isa = PBXGroup;
			children = (
				9AE1161C2DA17CE30096F8FB /* Stripes.metal */,
				9AE1161A2DA17CD10096F8FB /* StripeView.swift */,
			);
			path = Original_Version;
			sourceTree = "<group>";
		};
		9A98F28B2DA3570400C08001 /* Homescreen */ = {
			isa = PBXGroup;
			children = (
				9A98F2852DA3515700C08001 /* DiscoverView_V1.swift */,
				9A98F2892DA356EB00C08001 /* Homescreen.swift */,
			);
			path = Homescreen;
			sourceTree = "<group>";
		};
		9AAC416F2C74668B00AC0A60 = {
			isa = PBXGroup;
			children = (
				9AAC417A2C74668B00AC0A60 /* MyApp */,
				9AAC41792C74668B00AC0A60 /* Products */,
			);
			sourceTree = "<group>";
		};
		9AAC41792C74668B00AC0A60 /* Products */ = {
			isa = PBXGroup;
			children = (
				9AAC41782C74668B00AC0A60 /* MyApp.app */,
			);
			name = Products;
			sourceTree = "<group>";
		};
		9AAC417A2C74668B00AC0A60 /* MyApp */ = {
			isa = PBXGroup;
			children = (
				9AAC417B2C74668B00AC0A60 /* MyApp.swift */,
				9ACC62862DA7384700BBCA1A /* AskALeView_V3.swift */,
				9ACC628A2DA7394700BBCA1A /* ChatRoomsListView.swift */,
				9ACC628C2DA739BF00BBCA1A /* ChatConversation_V2.swift */,
				9ACC628E2DA73A5500BBCA1A /* ChatRoomsListView_V2.swift */,
				9ACC62882DA738C900BBCA1A /* ChatConversationView.swift */,
				9AAC417D2C74668B00AC0A60 /* ContentView.swift */,
				9AAC418A2C7466F000AC0A60 /* UIKitViewControllerWrapper.swift */,
				9AE115912DA081A10096F8FB /* AskALeView.swift */,
				9AE115932DA084030096F8FB /* AskALeView_V2.swift */,
				9AE115952DA0BDA10096F8FB /* SettingView.swift */,
				9AE115972DA0C41C0096F8FB /* SendFeedbackView.swift */,
				9AE115992DA0C6A60096F8FB /* RateAppView.swift */,
				9AE1159B2DA0C78D0096F8FB /* VietnameseInputSettingsView.swift */,
				9AE1159F2DA101040096F8FB /* AskALeAnimatedView.swift */,
				9AE116042DA147B90096F8FB /* VietnameseInputSettingsView_V2.swift */,
				9AE116062DA14A4B0096F8FB /* VietnameseInputSettingsView_V3.swift */,
				9A98F24D2DA1EB3400C08001 /* SmartCorrecrionAndAssistantView.swift */,
				9A98F28E2DA3593B00C08001 /* ImageMakerView_V2.swift */,
				9A98F28C2DA3581700C08001 /* ImageMakerView.swift */,
				9A98F2902DA35A7900C08001 /* ProAccessView_V1.swift */,
				9A98F2922DA35B1800C08001 /* ProAccessView.swift */,
				9A98F2942DA35C5300C08001 /* GeminiChatView_V1.swift */,
				9A98F2982DA35D7400C08001 /* GeminiChatView_V2.swift */,
				9A98F28B2DA3570400C08001 /* Homescreen */,
				9AE116192DA17CC90096F8FB /* StripeView */,
				9AE116142DA17BED0096F8FB /* RipleView */,
				9AAC417F2C74668C00AC0A60 /* Assets.xcassets */,
				9AAC41812C74668C00AC0A60 /* MyApp.entitlements */,
				9AAC41822C74668C00AC0A60 /* Preview Content */,
			);
			path = MyApp;
			sourceTree = "<group>";
		};
		9AAC41822C74668C00AC0A60 /* Preview Content */ = {
			isa = PBXGroup;
			children = (
				9AAC41832C74668C00AC0A60 /* Preview Assets.xcassets */,
			);
			path = "Preview Content";
			sourceTree = "<group>";
		};
		9AE116142DA17BED0096F8FB /* RipleView */ = {
			isa = PBXGroup;
			children = (
				9AE116152DA17BF70096F8FB /* RipleView.swift */,
				9AE116172DA17C1C0096F8FB /* Ripple.metal */,
			);
			path = RipleView;
			sourceTree = "<group>";
		};
		9AE116192DA17CC90096F8FB /* StripeView */ = {
			isa = PBXGroup;
			children = (
				9A98F23E2DA1B20600C08001 /* Original_Version */,
				9A98F2382DA1B13B00C08001 /* DetailedPearShape.swift */,
				9A7FECCC2DA1AE6A00BD52BB /* PearlStripeAnimatedView.swift */,
				9A98F23C2DA1B1CD00C08001 /* StripesOnPearlShapePreviews.swift */,
				9A98F23A2DA1B17A00C08001 /* PearBodyShape.swift */,
				9A98F2342DA1B09D00C08001 /* StylizedPearShape.swift */,
				9A98F2362DA1B10500C08001 /* PearShape.swift */,
			);
			path = StripeView;
			sourceTree = "<group>";
		};
/* End PBXGroup section */

/* Begin PBXNativeTarget section */
		9AAC41772C74668B00AC0A60 /* MyApp */ = {
			isa = PBXNativeTarget;
			buildConfigurationList = 9AAC41872C74668C00AC0A60 /* Build configuration list for PBXNativeTarget "MyApp" */;
			buildPhases = (
				9AAC41742C74668B00AC0A60 /* Sources */,
				9AAC41752C74668B00AC0A60 /* Frameworks */,
				9AAC41762C74668B00AC0A60 /* Resources */,
			);
			buildRules = (
			);
			dependencies = (
			);
			name = MyApp;
			productName = MyApp;
			productReference = 9AAC41782C74668B00AC0A60 /* MyApp.app */;
			productType = "com.apple.product-type.application";
		};
/* End PBXNativeTarget section */

/* Begin PBXProject section */
		9AAC41702C74668B00AC0A60 /* Project object */ = {
			isa = PBXProject;
			attributes = {
				BuildIndependentTargetsInParallel = 1;
				LastSwiftUpdateCheck = 1540;
				LastUpgradeCheck = 1620;
				TargetAttributes = {
					9AAC41772C74668B00AC0A60 = {
						CreatedOnToolsVersion = 15.4;
					};
				};
			};
			buildConfigurationList = 9AAC41732C74668B00AC0A60 /* Build configuration list for PBXProject "MyApp" */;
			compatibilityVersion = "Xcode 14.0";
			developmentRegion = en;
			hasScannedForEncodings = 0;
			knownRegions = (
				en,
				Base,
			);
			mainGroup = 9AAC416F2C74668B00AC0A60;
			productRefGroup = 9AAC41792C74668B00AC0A60 /* Products */;
			projectDirPath = "";
			projectRoot = "";
			targets = (
				9AAC41772C74668B00AC0A60 /* MyApp */,
			);
		};
/* End PBXProject section */

/* Begin PBXResourcesBuildPhase section */
		9AAC41762C74668B00AC0A60 /* Resources */ = {
			isa = PBXResourcesBuildPhase;
			buildActionMask = 2147483647;
			files = (
				9AAC41842C74668C00AC0A60 /* Preview Assets.xcassets in Resources */,
				9AAC41802C74668C00AC0A60 /* Assets.xcassets in Resources */,
			);
			runOnlyForDeploymentPostprocessing = 0;
		};
/* End PBXResourcesBuildPhase section */

/* Begin PBXSourcesBuildPhase section */
		9AAC41742C74668B00AC0A60 /* Sources */ = {
			isa = PBXSourcesBuildPhase;
			buildActionMask = 2147483647;
			files = (
				9A98F2372DA1B10500C08001 /* PearShape.swift in Sources */,
				9AE115A02DA101150096F8FB /* AskALeAnimatedView.swift in Sources */,
				9A98F23B2DA1B17C00C08001 /* PearBodyShape.swift in Sources */,
				9AE116162DA17BFB0096F8FB /* RipleView.swift in Sources */,
				9A98F28A2DA356F700C08001 /* Homescreen.swift in Sources */,
				9A98F24E2DA1EB3D00C08001 /* SmartCorrecrionAndAssistantView.swift in Sources */,
				9A98F2392DA1B13C00C08001 /* DetailedPearShape.swift in Sources */,
				9ACC628B2DA7394E00BBCA1A /* ChatRoomsListView.swift in Sources */,
				9A98F2952DA35C5400C08001 /* GeminiChatView_V1.swift in Sources */,
				9A98F28D2DA3581800C08001 /* ImageMakerView.swift in Sources */,
				9A98F2912DA35A7A00C08001 /* ProAccessView_V1.swift in Sources */,
				9A7FECCD2DA1AE7600BD52BB /* PearlStripeAnimatedView.swift in Sources */,
				9AAC418B2C7466F000AC0A60 /* UIKitViewControllerWrapper.swift in Sources */,
				9ACC62872DA7384900BBCA1A /* AskALeView_V3.swift in Sources */,
				9A98F23D2DA1B1DB00C08001 /* StripesOnPearlShapePreviews.swift in Sources */,
				9A98F2932DA35B1F00C08001 /* ProAccessView.swift in Sources */,
				9AAC417E2C74668B00AC0A60 /* ContentView.swift in Sources */,
				9AE116052DA147BE0096F8FB /* VietnameseInputSettingsView_V2.swift in Sources */,
				9AE116182DA17C1D0096F8FB /* Ripple.metal in Sources */,
				9AE1159C2DA0C7950096F8FB /* VietnameseInputSettingsView.swift in Sources */,
				9AE115982DA0C4210096F8FB /* SendFeedbackView.swift in Sources */,
				9ACC628F2DA73A5B00BBCA1A /* ChatRoomsListView_V2.swift in Sources */,
				9A98F28F2DA3594200C08001 /* ImageMakerView_V2.swift in Sources */,
				9AE1161D2DA17CE40096F8FB /* Stripes.metal in Sources */,
				9AAC417C2C74668B00AC0A60 /* MyApp.swift in Sources */,
				9A98F2352DA1B09D00C08001 /* StylizedPearShape.swift in Sources */,
				9AE116072DA14A4F0096F8FB /* VietnameseInputSettingsView_V3.swift in Sources */,
				9ACC628D2DA739C000BBCA1A /* ChatConversation_V2.swift in Sources */,
				9AE1159A2DA0C6AA0096F8FB /* RateAppView.swift in Sources */,
				9AE115962DA0BDA40096F8FB /* SettingView.swift in Sources */,
				9AE115942DA084050096F8FB /* AskALeView_V2.swift in Sources */,
				9A98F2862DA3515900C08001 /* DiscoverView_V1.swift in Sources */,
				9ACC62892DA738CC00BBCA1A /* ChatConversationView.swift in Sources */,
				9AE115922DA081A50096F8FB /* AskALeView.swift in Sources */,
				9AE1161B2DA17CD70096F8FB /* StripeView.swift in Sources */,
				9A98F2992DA35D7600C08001 /* GeminiChatView_V2.swift in Sources */,
			);
			runOnlyForDeploymentPostprocessing = 0;
		};
/* End PBXSourcesBuildPhase section */

/* Begin XCBuildConfiguration section */
		9AAC41852C74668C00AC0A60 /* Debug */ = {
			isa = XCBuildConfiguration;
			buildSettings = {
				ALWAYS_SEARCH_USER_PATHS = NO;
				ASSETCATALOG_COMPILER_GENERATE_SWIFT_ASSET_SYMBOL_EXTENSIONS = YES;
				CLANG_ANALYZER_NONNULL = YES;
				CLANG_ANALYZER_NUMBER_OBJECT_CONVERSION = YES_AGGRESSIVE;
				CLANG_CXX_LANGUAGE_STANDARD = "gnu++20";
				CLANG_ENABLE_MODULES = YES;
				CLANG_ENABLE_OBJC_ARC = YES;
				CLANG_ENABLE_OBJC_WEAK = YES;
				CLANG_WARN_BLOCK_CAPTURE_AUTORELEASING = YES;
				CLANG_WARN_BOOL_CONVERSION = YES;
				CLANG_WARN_COMMA = YES;
				CLANG_WARN_CONSTANT_CONVERSION = YES;
				CLANG_WARN_DEPRECATED_OBJC_IMPLEMENTATIONS = YES;
				CLANG_WARN_DIRECT_OBJC_ISA_USAGE = YES_ERROR;
				CLANG_WARN_DOCUMENTATION_COMMENTS = YES;
				CLANG_WARN_EMPTY_BODY = YES;
				CLANG_WARN_ENUM_CONVERSION = YES;
				CLANG_WARN_INFINITE_RECURSION = YES;
				CLANG_WARN_INT_CONVERSION = YES;
				CLANG_WARN_NON_LITERAL_NULL_CONVERSION = YES;
				CLANG_WARN_OBJC_IMPLICIT_RETAIN_SELF = YES;
				CLANG_WARN_OBJC_LITERAL_CONVERSION = YES;
				CLANG_WARN_OBJC_ROOT_CLASS = YES_ERROR;
				CLANG_WARN_QUOTED_INCLUDE_IN_FRAMEWORK_HEADER = YES;
				CLANG_WARN_RANGE_LOOP_ANALYSIS = YES;
				CLANG_WARN_STRICT_PROTOTYPES = YES;
				CLANG_WARN_SUSPICIOUS_MOVE = YES;
				CLANG_WARN_UNGUARDED_AVAILABILITY = YES_AGGRESSIVE;
				CLANG_WARN_UNREACHABLE_CODE = YES;
				CLANG_WARN__DUPLICATE_METHOD_MATCH = YES;
				COPY_PHASE_STRIP = NO;
				DEAD_CODE_STRIPPING = YES;
				DEBUG_INFORMATION_FORMAT = dwarf;
				ENABLE_STRICT_OBJC_MSGSEND = YES;
				ENABLE_TESTABILITY = YES;
				ENABLE_USER_SCRIPT_SANDBOXING = YES;
				GCC_C_LANGUAGE_STANDARD = gnu17;
				GCC_DYNAMIC_NO_PIC = NO;
				GCC_NO_COMMON_BLOCKS = YES;
				GCC_OPTIMIZATION_LEVEL = 0;
				GCC_PREPROCESSOR_DEFINITIONS = (
					"DEBUG=1",
					"$(inherited)",
				);
				GCC_WARN_64_TO_32_BIT_CONVERSION = YES;
				GCC_WARN_ABOUT_RETURN_TYPE = YES_ERROR;
				GCC_WARN_UNDECLARED_SELECTOR = YES;
				GCC_WARN_UNINITIALIZED_AUTOS = YES_AGGRESSIVE;
				GCC_WARN_UNUSED_FUNCTION = YES;
				GCC_WARN_UNUSED_VARIABLE = YES;
				LOCALIZATION_PREFERS_STRING_CATALOGS = YES;
				MTL_ENABLE_DEBUG_INFO = INCLUDE_SOURCE;
				MTL_FAST_MATH = YES;
				ONLY_ACTIVE_ARCH = YES;
				SWIFT_ACTIVE_COMPILATION_CONDITIONS = "DEBUG $(inherited)";
				SWIFT_OPTIMIZATION_LEVEL = "-Onone";
			};
			name = Debug;
		};
		9AAC41862C74668C00AC0A60 /* Release */ = {
			isa = XCBuildConfiguration;
			buildSettings = {
				ALWAYS_SEARCH_USER_PATHS = NO;
				ASSETCATALOG_COMPILER_GENERATE_SWIFT_ASSET_SYMBOL_EXTENSIONS = YES;
				CLANG_ANALYZER_NONNULL = YES;
				CLANG_ANALYZER_NUMBER_OBJECT_CONVERSION = YES_AGGRESSIVE;
				CLANG_CXX_LANGUAGE_STANDARD = "gnu++20";
				CLANG_ENABLE_MODULES = YES;
				CLANG_ENABLE_OBJC_ARC = YES;
				CLANG_ENABLE_OBJC_WEAK = YES;
				CLANG_WARN_BLOCK_CAPTURE_AUTORELEASING = YES;
				CLANG_WARN_BOOL_CONVERSION = YES;
				CLANG_WARN_COMMA = YES;
				CLANG_WARN_CONSTANT_CONVERSION = YES;
				CLANG_WARN_DEPRECATED_OBJC_IMPLEMENTATIONS = YES;
				CLANG_WARN_DIRECT_OBJC_ISA_USAGE = YES_ERROR;
				CLANG_WARN_DOCUMENTATION_COMMENTS = YES;
				CLANG_WARN_EMPTY_BODY = YES;
				CLANG_WARN_ENUM_CONVERSION = YES;
				CLANG_WARN_INFINITE_RECURSION = YES;
				CLANG_WARN_INT_CONVERSION = YES;
				CLANG_WARN_NON_LITERAL_NULL_CONVERSION = YES;
				CLANG_WARN_OBJC_IMPLICIT_RETAIN_SELF = YES;
				CLANG_WARN_OBJC_LITERAL_CONVERSION = YES;
				CLANG_WARN_OBJC_ROOT_CLASS = YES_ERROR;
				CLANG_WARN_QUOTED_INCLUDE_IN_FRAMEWORK_HEADER = YES;
				CLANG_WARN_RANGE_LOOP_ANALYSIS = YES;
				CLANG_WARN_STRICT_PROTOTYPES = YES;
				CLANG_WARN_SUSPICIOUS_MOVE = YES;
				CLANG_WARN_UNGUARDED_AVAILABILITY = YES_AGGRESSIVE;
				CLANG_WARN_UNREACHABLE_CODE = YES;
				CLANG_WARN__DUPLICATE_METHOD_MATCH = YES;
				COPY_PHASE_STRIP = NO;
				DEAD_CODE_STRIPPING = YES;
				DEBUG_INFORMATION_FORMAT = "dwarf-with-dsym";
				ENABLE_NS_ASSERTIONS = NO;
				ENABLE_STRICT_OBJC_MSGSEND = YES;
				ENABLE_USER_SCRIPT_SANDBOXING = YES;
				GCC_C_LANGUAGE_STANDARD = gnu17;
				GCC_NO_COMMON_BLOCKS = YES;
				GCC_WARN_64_TO_32_BIT_CONVERSION = YES;
				GCC_WARN_ABOUT_RETURN_TYPE = YES_ERROR;
				GCC_WARN_UNDECLARED_SELECTOR = YES;
				GCC_WARN_UNINITIALIZED_AUTOS = YES_AGGRESSIVE;
				GCC_WARN_UNUSED_FUNCTION = YES;
				GCC_WARN_UNUSED_VARIABLE = YES;
				LOCALIZATION_PREFERS_STRING_CATALOGS = YES;
				MTL_ENABLE_DEBUG_INFO = NO;
				MTL_FAST_MATH = YES;
				SWIFT_COMPILATION_MODE = wholemodule;
			};
			name = Release;
		};
		9AAC41882C74668C00AC0A60 /* Debug */ = {
			isa = XCBuildConfiguration;
			buildSettings = {
				ASSETCATALOG_COMPILER_APPICON_NAME = AppIcon;
				ASSETCATALOG_COMPILER_GLOBAL_ACCENT_COLOR_NAME = AccentColor;
				CODE_SIGN_ENTITLEMENTS = MyApp/MyApp.entitlements;
				CODE_SIGN_STYLE = Automatic;
				CURRENT_PROJECT_VERSION = 1;
				DEAD_CODE_STRIPPING = YES;
				DEVELOPMENT_ASSET_PATHS = "\"MyApp/Preview Content\"";
				DEVELOPMENT_TEAM = 99WD9D6Y46;
				ENABLE_HARDENED_RUNTIME = YES;
				ENABLE_PREVIEWS = YES;
				GENERATE_INFOPLIST_FILE = YES;
				INFOPLIST_KEY_NSMicrophoneUsageDescription = "This app needs microphone access to capture your voice for the AI Mode.";
				INFOPLIST_KEY_NSSpeechRecognitionUsageDescription = "This app uses speech recognition to transcribe your voice input for the AI Mode.";
				"INFOPLIST_KEY_UIApplicationSceneManifest_Generation[sdk=iphoneos*]" = YES;
				"INFOPLIST_KEY_UIApplicationSceneManifest_Generation[sdk=iphonesimulator*]" = YES;
				"INFOPLIST_KEY_UIApplicationSupportsIndirectInputEvents[sdk=iphoneos*]" = YES;
				"INFOPLIST_KEY_UIApplicationSupportsIndirectInputEvents[sdk=iphonesimulator*]" = YES;
				"INFOPLIST_KEY_UILaunchScreen_Generation[sdk=iphoneos*]" = YES;
				"INFOPLIST_KEY_UILaunchScreen_Generation[sdk=iphonesimulator*]" = YES;
				"INFOPLIST_KEY_UIStatusBarStyle[sdk=iphoneos*]" = UIStatusBarStyleDefault;
				"INFOPLIST_KEY_UIStatusBarStyle[sdk=iphonesimulator*]" = UIStatusBarStyleDefault;
				INFOPLIST_KEY_UISupportedInterfaceOrientations_iPad = "UIInterfaceOrientationPortrait UIInterfaceOrientationPortraitUpsideDown UIInterfaceOrientationLandscapeLeft UIInterfaceOrientationLandscapeRight";
				INFOPLIST_KEY_UISupportedInterfaceOrientations_iPhone = "UIInterfaceOrientationPortrait UIInterfaceOrientationLandscapeLeft UIInterfaceOrientationLandscapeRight";
				IPHONEOS_DEPLOYMENT_TARGET = 17.5;
				LD_RUNPATH_SEARCH_PATHS = "@executable_path/Frameworks";
				"LD_RUNPATH_SEARCH_PATHS[sdk=macosx*]" = "@executable_path/../Frameworks";
				MACOSX_DEPLOYMENT_TARGET = 14.5;
				MARKETING_VERSION = 1.0;
				PRODUCT_BUNDLE_IDENTIFIER = tech.CongLeSolutionX.MyApp;
				PRODUCT_NAME = "$(TARGET_NAME)";
				SDKROOT = auto;
				SUPPORTED_PLATFORMS = "iphoneos iphonesimulator macosx";
				SWIFT_EMIT_LOC_STRINGS = YES;
				SWIFT_VERSION = 5.0;
				TARGETED_DEVICE_FAMILY = "1,2";
			};
			name = Debug;
		};
		9AAC41892C74668C00AC0A60 /* Release */ = {
			isa = XCBuildConfiguration;
			buildSettings = {
				ASSETCATALOG_COMPILER_APPICON_NAME = AppIcon;
				ASSETCATALOG_COMPILER_GLOBAL_ACCENT_COLOR_NAME = AccentColor;
				CODE_SIGN_ENTITLEMENTS = MyApp/MyApp.entitlements;
				CODE_SIGN_STYLE = Automatic;
				CURRENT_PROJECT_VERSION = 1;
				DEAD_CODE_STRIPPING = YES;
				DEVELOPMENT_ASSET_PATHS = "\"MyApp/Preview Content\"";
				DEVELOPMENT_TEAM = 99WD9D6Y46;
				ENABLE_HARDENED_RUNTIME = YES;
				ENABLE_PREVIEWS = YES;
				GENERATE_INFOPLIST_FILE = YES;
				INFOPLIST_KEY_NSMicrophoneUsageDescription = "This app needs microphone access to capture your voice for the AI Mode.";
				INFOPLIST_KEY_NSSpeechRecognitionUsageDescription = "This app uses speech recognition to transcribe your voice input for the AI Mode.";
				"INFOPLIST_KEY_UIApplicationSceneManifest_Generation[sdk=iphoneos*]" = YES;
				"INFOPLIST_KEY_UIApplicationSceneManifest_Generation[sdk=iphonesimulator*]" = YES;
				"INFOPLIST_KEY_UIApplicationSupportsIndirectInputEvents[sdk=iphoneos*]" = YES;
				"INFOPLIST_KEY_UIApplicationSupportsIndirectInputEvents[sdk=iphonesimulator*]" = YES;
				"INFOPLIST_KEY_UILaunchScreen_Generation[sdk=iphoneos*]" = YES;
				"INFOPLIST_KEY_UILaunchScreen_Generation[sdk=iphonesimulator*]" = YES;
				"INFOPLIST_KEY_UIStatusBarStyle[sdk=iphoneos*]" = UIStatusBarStyleDefault;
				"INFOPLIST_KEY_UIStatusBarStyle[sdk=iphonesimulator*]" = UIStatusBarStyleDefault;
				INFOPLIST_KEY_UISupportedInterfaceOrientations_iPad = "UIInterfaceOrientationPortrait UIInterfaceOrientationPortraitUpsideDown UIInterfaceOrientationLandscapeLeft UIInterfaceOrientationLandscapeRight";
				INFOPLIST_KEY_UISupportedInterfaceOrientations_iPhone = "UIInterfaceOrientationPortrait UIInterfaceOrientationLandscapeLeft UIInterfaceOrientationLandscapeRight";
				IPHONEOS_DEPLOYMENT_TARGET = 17.5;
				LD_RUNPATH_SEARCH_PATHS = "@executable_path/Frameworks";
				"LD_RUNPATH_SEARCH_PATHS[sdk=macosx*]" = "@executable_path/../Frameworks";
				MACOSX_DEPLOYMENT_TARGET = 14.5;
				MARKETING_VERSION = 1.0;
				PRODUCT_BUNDLE_IDENTIFIER = tech.CongLeSolutionX.MyApp;
				PRODUCT_NAME = "$(TARGET_NAME)";
				SDKROOT = auto;
				SUPPORTED_PLATFORMS = "iphoneos iphonesimulator macosx";
				SWIFT_EMIT_LOC_STRINGS = YES;
				SWIFT_VERSION = 5.0;
				TARGETED_DEVICE_FAMILY = "1,2";
			};
			name = Release;
		};
/* End XCBuildConfiguration section */

/* Begin XCConfigurationList section */
		9AAC41732C74668B00AC0A60 /* Build configuration list for PBXProject "MyApp" */ = {
			isa = XCConfigurationList;
			buildConfigurations = (
				9AAC41852C74668C00AC0A60 /* Debug */,
				9AAC41862C74668C00AC0A60 /* Release */,
			);
			defaultConfigurationIsVisible = 0;
			defaultConfigurationName = Release;
		};
		9AAC41872C74668C00AC0A60 /* Build configuration list for PBXNativeTarget "MyApp" */ = {
			isa = XCConfigurationList;
			buildConfigurations = (
				9AAC41882C74668C00AC0A60 /* Debug */,
				9AAC41892C74668C00AC0A60 /* Release */,
			);
			defaultConfigurationIsVisible = 0;
			defaultConfigurationName = Release;
		};
/* End XCConfigurationList section */
	};
	rootObject = 9AAC41702C74668B00AC0A60 /* Project object */;
}
