// !$*UTF8*$!
{
	archiveVersion = 1;
	classes = {
	};
	objectVersion = 56;
	objects = {

/* Begin PBXBuildFile section */
		9A1D22502DB6948100E5FD17 /* BoardingPassView_V1.swift in Sources */ = {isa = PBXBuildFile; fileRef = 9A1D224F2DB6948000E5FD17 /* BoardingPassView_V1.swift */; };
		9A1D22542DB694FF00E5FD17 /* BoardingPassView_V2.swift in Sources */ = {isa = PBXBuildFile; fileRef = 9A1D22532DB694FE00E5FD17 /* BoardingPassView_V2.swift */; };
		9A1D22562DB696B000E5FD17 /* BoardingPassView_V3.swift in Sources */ = {isa = PBXBuildFile; fileRef = 9A1D22552DB696AE00E5FD17 /* BoardingPassView_V3.swift */; };
		9A1D225A2DB6988700E5FD17 /* StoreCardView_V1.swift in Sources */ = {isa = PBXBuildFile; fileRef = 9A1D22592DB6988600E5FD17 /* StoreCardView_V1.swift */; };
		9A1D225C2DB698E600E5FD17 /* StoreCardView_V2.swift in Sources */ = {isa = PBXBuildFile; fileRef = 9A1D225B2DB698E500E5FD17 /* StoreCardView_V2.swift */; };
		9A1D225E2DB69A0700E5FD17 /* StoreCardView_V3.swift in Sources */ = {isa = PBXBuildFile; fileRef = 9A1D225D2DB69A0600E5FD17 /* StoreCardView_V3.swift */; };
		9A1D22612DB69B1300E5FD17 /* DriverLicenseCardView_V1.swift in Sources */ = {isa = PBXBuildFile; fileRef = 9A1D22602DB69B0D00E5FD17 /* DriverLicenseCardView_V1.swift */; };
		9A1D22632DB69BC900E5FD17 /* DriverLicenseCardView_V2.swift in Sources */ = {isa = PBXBuildFile; fileRef = 9A1D22622DB69BC800E5FD17 /* DriverLicenseCardView_V2.swift */; };
		9A1D22672DB69CD100E5FD17 /* DriverLicenseCardView_V3.swift in Sources */ = {isa = PBXBuildFile; fileRef = 9A1D22662DB69CCF00E5FD17 /* DriverLicenseCardView_V3.swift */; };
		9A1D22692DB69EB400E5FD17 /* TicketView_V1.swift in Sources */ = {isa = PBXBuildFile; fileRef = 9A1D22682DB69EB200E5FD17 /* TicketView_V1.swift */; };
		9A1D226C2DB69F0F00E5FD17 /* TicketView_V2.swift in Sources */ = {isa = PBXBuildFile; fileRef = 9A1D226B2DB69F0E00E5FD17 /* TicketView_V2.swift */; };
		9A1D226E2DB69FCD00E5FD17 /* TicketView_V3.swift in Sources */ = {isa = PBXBuildFile; fileRef = 9A1D226D2DB69FCC00E5FD17 /* TicketView_V3.swift */; };
		9A1D22712DB6FE3100E5FD17 /* GenericCardView_V1.swift in Sources */ = {isa = PBXBuildFile; fileRef = 9A1D22702DB6FE2C00E5FD17 /* GenericCardView_V1.swift */; };
		9A1D22732DB6FEF700E5FD17 /* GenericCardView_V2.swift in Sources */ = {isa = PBXBuildFile; fileRef = 9A1D22722DB6FEF500E5FD17 /* GenericCardView_V2.swift */; };
		9A1D22752DB6FFA300E5FD17 /* GenericCardView_V3.swift in Sources */ = {isa = PBXBuildFile; fileRef = 9A1D22742DB6FFA200E5FD17 /* GenericCardView_V3.swift */; };
		9A1D22782DB702D500E5FD17 /* CouponCardView_V1.swift in Sources */ = {isa = PBXBuildFile; fileRef = 9A1D22772DB702CA00E5FD17 /* CouponCardView_V1.swift */; };
		9A1D227A2DB7034300E5FD17 /* CouponCardView_V2.swift in Sources */ = {isa = PBXBuildFile; fileRef = 9A1D22792DB7034200E5FD17 /* CouponCardView_V2.swift */; };
		9A1D227C2DB7043100E5FD17 /* CouponCardView_V3.swift in Sources */ = {isa = PBXBuildFile; fileRef = 9A1D227B2DB7043000E5FD17 /* CouponCardView_V3.swift */; };
		9AAC417C2C74668B00AC0A60 /* MyApp.swift in Sources */ = {isa = PBXBuildFile; fileRef = 9AAC417B2C74668B00AC0A60 /* MyApp.swift */; };
		9AAC417E2C74668B00AC0A60 /* ContentView.swift in Sources */ = {isa = PBXBuildFile; fileRef = 9AAC417D2C74668B00AC0A60 /* ContentView.swift */; };
		9AAC41802C74668C00AC0A60 /* Assets.xcassets in Resources */ = {isa = PBXBuildFile; fileRef = 9AAC417F2C74668C00AC0A60 /* Assets.xcassets */; };
		9AAC41842C74668C00AC0A60 /* Preview Assets.xcassets in Resources */ = {isa = PBXBuildFile; fileRef = 9AAC41832C74668C00AC0A60 /* Preview Assets.xcassets */; };
		9AAC418B2C7466F000AC0A60 /* UIKitViewControllerWrapper.swift in Sources */ = {isa = PBXBuildFile; fileRef = 9AAC418A2C7466F000AC0A60 /* UIKitViewControllerWrapper.swift */; };
/* End PBXBuildFile section */

/* Begin PBXFileReference section */
		9A1D224F2DB6948000E5FD17 /* BoardingPassView_V1.swift */ = {isa = PBXFileReference; lastKnownFileType = sourcecode.swift; path = BoardingPassView_V1.swift; sourceTree = "<group>"; };
		9A1D22532DB694FE00E5FD17 /* BoardingPassView_V2.swift */ = {isa = PBXFileReference; lastKnownFileType = sourcecode.swift; path = BoardingPassView_V2.swift; sourceTree = "<group>"; };
		9A1D22552DB696AE00E5FD17 /* BoardingPassView_V3.swift */ = {isa = PBXFileReference; lastKnownFileType = sourcecode.swift; path = BoardingPassView_V3.swift; sourceTree = "<group>"; };
		9A1D22592DB6988600E5FD17 /* StoreCardView_V1.swift */ = {isa = PBXFileReference; lastKnownFileType = sourcecode.swift; path = StoreCardView_V1.swift; sourceTree = "<group>"; };
		9A1D225B2DB698E500E5FD17 /* StoreCardView_V2.swift */ = {isa = PBXFileReference; lastKnownFileType = sourcecode.swift; path = StoreCardView_V2.swift; sourceTree = "<group>"; };
		9A1D225D2DB69A0600E5FD17 /* StoreCardView_V3.swift */ = {isa = PBXFileReference; lastKnownFileType = sourcecode.swift; path = StoreCardView_V3.swift; sourceTree = "<group>"; };
		9A1D22602DB69B0D00E5FD17 /* DriverLicenseCardView_V1.swift */ = {isa = PBXFileReference; lastKnownFileType = sourcecode.swift; path = DriverLicenseCardView_V1.swift; sourceTree = "<group>"; };
		9A1D22622DB69BC800E5FD17 /* DriverLicenseCardView_V2.swift */ = {isa = PBXFileReference; lastKnownFileType = sourcecode.swift; path = DriverLicenseCardView_V2.swift; sourceTree = "<group>"; };
		9A1D22662DB69CCF00E5FD17 /* DriverLicenseCardView_V3.swift */ = {isa = PBXFileReference; lastKnownFileType = sourcecode.swift; path = DriverLicenseCardView_V3.swift; sourceTree = "<group>"; };
		9A1D22682DB69EB200E5FD17 /* TicketView_V1.swift */ = {isa = PBXFileReference; lastKnownFileType = sourcecode.swift; path = TicketView_V1.swift; sourceTree = "<group>"; };
		9A1D226B2DB69F0E00E5FD17 /* TicketView_V2.swift */ = {isa = PBXFileReference; lastKnownFileType = sourcecode.swift; path = TicketView_V2.swift; sourceTree = "<group>"; };
		9A1D226D2DB69FCC00E5FD17 /* TicketView_V3.swift */ = {isa = PBXFileReference; lastKnownFileType = sourcecode.swift; path = TicketView_V3.swift; sourceTree = "<group>"; };
		9A1D22702DB6FE2C00E5FD17 /* GenericCardView_V1.swift */ = {isa = PBXFileReference; lastKnownFileType = sourcecode.swift; path = GenericCardView_V1.swift; sourceTree = "<group>"; };
		9A1D22722DB6FEF500E5FD17 /* GenericCardView_V2.swift */ = {isa = PBXFileReference; lastKnownFileType = sourcecode.swift; path = GenericCardView_V2.swift; sourceTree = "<group>"; };
		9A1D22742DB6FFA200E5FD17 /* GenericCardView_V3.swift */ = {isa = PBXFileReference; lastKnownFileType = sourcecode.swift; path = GenericCardView_V3.swift; sourceTree = "<group>"; };
		9A1D22772DB702CA00E5FD17 /* CouponCardView_V1.swift */ = {isa = PBXFileReference; lastKnownFileType = sourcecode.swift; path = CouponCardView_V1.swift; sourceTree = "<group>"; };
		9A1D22792DB7034200E5FD17 /* CouponCardView_V2.swift */ = {isa = PBXFileReference; lastKnownFileType = sourcecode.swift; path = CouponCardView_V2.swift; sourceTree = "<group>"; };
		9A1D227B2DB7043000E5FD17 /* CouponCardView_V3.swift */ = {isa = PBXFileReference; lastKnownFileType = sourcecode.swift; path = CouponCardView_V3.swift; sourceTree = "<group>"; };
		9AAC41782C74668B00AC0A60 /* MyApp.app */ = {isa = PBXFileReference; explicitFileType = wrapper.application; includeInIndex = 0; path = MyApp.app; sourceTree = BUILT_PRODUCTS_DIR; };
		9AAC417B2C74668B00AC0A60 /* MyApp.swift */ = {isa = PBXFileReference; lastKnownFileType = sourcecode.swift; path = MyApp.swift; sourceTree = "<group>"; };
		9AAC417D2C74668B00AC0A60 /* ContentView.swift */ = {isa = PBXFileReference; lastKnownFileType = sourcecode.swift; path = ContentView.swift; sourceTree = "<group>"; };
		9AAC417F2C74668C00AC0A60 /* Assets.xcassets */ = {isa = PBXFileReference; lastKnownFileType = folder.assetcatalog; path = Assets.xcassets; sourceTree = "<group>"; };
		9AAC41812C74668C00AC0A60 /* MyApp.entitlements */ = {isa = PBXFileReference; lastKnownFileType = text.plist.entitlements; path = MyApp.entitlements; sourceTree = "<group>"; };
		9AAC41832C74668C00AC0A60 /* Preview Assets.xcassets */ = {isa = PBXFileReference; lastKnownFileType = folder.assetcatalog; path = "Preview Assets.xcassets"; sourceTree = "<group>"; };
		9AAC418A2C7466F000AC0A60 /* UIKitViewControllerWrapper.swift */ = {isa = PBXFileReference; lastKnownFileType = sourcecode.swift; path = UIKitViewControllerWrapper.swift; sourceTree = "<group>"; };
/* End PBXFileReference section */

/* Begin PBXFrameworksBuildPhase section */
		9AAC41752C74668B00AC0A60 /* Frameworks */ = {
			isa = PBXFrameworksBuildPhase;
			buildActionMask = 2147483647;
			files = (
			);
			runOnlyForDeploymentPostprocessing = 0;
		};
/* End PBXFrameworksBuildPhase section */

/* Begin PBXGroup section */
		9A1D22572DB696BC00E5FD17 /* BoardingPassView */ = {
			isa = PBXGroup;
			children = (
				9A1D224F2DB6948000E5FD17 /* BoardingPassView_V1.swift */,
				9A1D22532DB694FE00E5FD17 /* BoardingPassView_V2.swift */,
				9A1D22552DB696AE00E5FD17 /* BoardingPassView_V3.swift */,
			);
			path = BoardingPassView;
			sourceTree = "<group>";
		};
		9A1D22582DB6978300E5FD17 /* StoreCard */ = {
			isa = PBXGroup;
			children = (
				9A1D22592DB6988600E5FD17 /* StoreCardView_V1.swift */,
				9A1D225B2DB698E500E5FD17 /* StoreCardView_V2.swift */,
				9A1D225D2DB69A0600E5FD17 /* StoreCardView_V3.swift */,
			);
			path = StoreCard;
			sourceTree = "<group>";
		};
		9A1D225F2DB69AFB00E5FD17 /* DriverLicenseCard */ = {
			isa = PBXGroup;
			children = (
				9A1D22662DB69CCF00E5FD17 /* DriverLicenseCardView_V3.swift */,
				9A1D22622DB69BC800E5FD17 /* DriverLicenseCardView_V2.swift */,
				9A1D22602DB69B0D00E5FD17 /* DriverLicenseCardView_V1.swift */,
			);
			path = DriverLicenseCard;
			sourceTree = "<group>";
		};
		9A1D226A2DB69EB800E5FD17 /* TicketView */ = {
			isa = PBXGroup;
			children = (
				9A1D22682DB69EB200E5FD17 /* TicketView_V1.swift */,
				9A1D226B2DB69F0E00E5FD17 /* TicketView_V2.swift */,
				9A1D226D2DB69FCC00E5FD17 /* TicketView_V3.swift */,
			);
			path = TicketView;
			sourceTree = "<group>";
		};
		9A1D226F2DB6FE1700E5FD17 /* GenericCardDesign */ = {
			isa = PBXGroup;
			children = (
				9A1D22702DB6FE2C00E5FD17 /* GenericCardView_V1.swift */,
				9A1D22722DB6FEF500E5FD17 /* GenericCardView_V2.swift */,
				9A1D22742DB6FFA200E5FD17 /* GenericCardView_V3.swift */,
			);
			path = GenericCardDesign;
			sourceTree = "<group>";
		};
		9A1D22762DB7028E00E5FD17 /* CouponDesignView */ = {
			isa = PBXGroup;
			children = (
				9A1D22772DB702CA00E5FD17 /* CouponCardView_V1.swift */,
				9A1D22792DB7034200E5FD17 /* CouponCardView_V2.swift */,
				9A1D227B2DB7043000E5FD17 /* CouponCardView_V3.swift */,
			);
			path = CouponDesignView;
			sourceTree = "<group>";
		};
		9AAC416F2C74668B00AC0A60 = {
			isa = PBXGroup;
			children = (
				9AAC417A2C74668B00AC0A60 /* MyApp */,
				9AAC41792C74668B00AC0A60 /* Products */,
			);
			sourceTree = "<group>";
		};
		9AAC41792C74668B00AC0A60 /* Products */ = {
			isa = PBXGroup;
			children = (
				9AAC41782C74668B00AC0A60 /* MyApp.app */,
			);
			name = Products;
			sourceTree = "<group>";
		};
		9AAC417A2C74668B00AC0A60 /* MyApp */ = {
			isa = PBXGroup;
			children = (
				9AAC417B2C74668B00AC0A60 /* MyApp.swift */,
				9AAC417D2C74668B00AC0A60 /* ContentView.swift */,
				9AAC418A2C7466F000AC0A60 /* UIKitViewControllerWrapper.swift */,
				9A1D22762DB7028E00E5FD17 /* CouponDesignView */,
				9A1D226F2DB6FE1700E5FD17 /* GenericCardDesign */,
				9A1D226A2DB69EB800E5FD17 /* TicketView */,
				9A1D225F2DB69AFB00E5FD17 /* DriverLicenseCard */,
				9A1D22572DB696BC00E5FD17 /* BoardingPassView */,
				9A1D22582DB6978300E5FD17 /* StoreCard */,
				9AAC417F2C74668C00AC0A60 /* Assets.xcassets */,
				9AAC41812C74668C00AC0A60 /* MyApp.entitlements */,
				9AAC41822C74668C00AC0A60 /* Preview Content */,
			);
			path = MyApp;
			sourceTree = "<group>";
		};
		9AAC41822C74668C00AC0A60 /* Preview Content */ = {
			isa = PBXGroup;
			children = (
				9AAC41832C74668C00AC0A60 /* Preview Assets.xcassets */,
			);
			path = "Preview Content";
			sourceTree = "<group>";
		};
/* End PBXGroup section */

/* Begin PBXNativeTarget section */
		9AAC41772C74668B00AC0A60 /* MyApp */ = {
			isa = PBXNativeTarget;
			buildConfigurationList = 9AAC41872C74668C00AC0A60 /* Build configuration list for PBXNativeTarget "MyApp" */;
			buildPhases = (
				9AAC41742C74668B00AC0A60 /* Sources */,
				9AAC41752C74668B00AC0A60 /* Frameworks */,
				9AAC41762C74668B00AC0A60 /* Resources */,
			);
			buildRules = (
			);
			dependencies = (
			);
			name = MyApp;
			productName = MyApp;
			productReference = 9AAC41782C74668B00AC0A60 /* MyApp.app */;
			productType = "com.apple.product-type.application";
		};
/* End PBXNativeTarget section */

/* Begin PBXProject section */
		9AAC41702C74668B00AC0A60 /* Project object */ = {
			isa = PBXProject;
			attributes = {
				BuildIndependentTargetsInParallel = 1;
				LastSwiftUpdateCheck = 1540;
				LastUpgradeCheck = 1620;
				TargetAttributes = {
					9AAC41772C74668B00AC0A60 = {
						CreatedOnToolsVersion = 15.4;
					};
				};
			};
			buildConfigurationList = 9AAC41732C74668B00AC0A60 /* Build configuration list for PBXProject "MyApp" */;
			compatibilityVersion = "Xcode 14.0";
			developmentRegion = en;
			hasScannedForEncodings = 0;
			knownRegions = (
				en,
				Base,
			);
			mainGroup = 9AAC416F2C74668B00AC0A60;
			productRefGroup = 9AAC41792C74668B00AC0A60 /* Products */;
			projectDirPath = "";
			projectRoot = "";
			targets = (
				9AAC41772C74668B00AC0A60 /* MyApp */,
			);
		};
/* End PBXProject section */

/* Begin PBXResourcesBuildPhase section */
		9AAC41762C74668B00AC0A60 /* Resources */ = {
			isa = PBXResourcesBuildPhase;
			buildActionMask = 2147483647;
			files = (
				9AAC41842C74668C00AC0A60 /* Preview Assets.xcassets in Resources */,
				9AAC41802C74668C00AC0A60 /* Assets.xcassets in Resources */,
			);
			runOnlyForDeploymentPostprocessing = 0;
		};
/* End PBXResourcesBuildPhase section */

/* Begin PBXSourcesBuildPhase section */
		9AAC41742C74668B00AC0A60 /* Sources */ = {
			isa = PBXSourcesBuildPhase;
			buildActionMask = 2147483647;
			files = (
				9AAC418B2C7466F000AC0A60 /* UIKitViewControllerWrapper.swift in Sources */,
				9A1D22692DB69EB400E5FD17 /* TicketView_V1.swift in Sources */,
				9A1D22672DB69CD100E5FD17 /* DriverLicenseCardView_V3.swift in Sources */,
				9A1D22542DB694FF00E5FD17 /* BoardingPassView_V2.swift in Sources */,
				9A1D22632DB69BC900E5FD17 /* DriverLicenseCardView_V2.swift in Sources */,
				9A1D225C2DB698E600E5FD17 /* StoreCardView_V2.swift in Sources */,
				9A1D227C2DB7043100E5FD17 /* CouponCardView_V3.swift in Sources */,
				9A1D22732DB6FEF700E5FD17 /* GenericCardView_V2.swift in Sources */,
				9A1D22752DB6FFA300E5FD17 /* GenericCardView_V3.swift in Sources */,
				9A1D22502DB6948100E5FD17 /* BoardingPassView_V1.swift in Sources */,
				9A1D225E2DB69A0700E5FD17 /* StoreCardView_V3.swift in Sources */,
				9AAC417E2C74668B00AC0A60 /* ContentView.swift in Sources */,
				9A1D226E2DB69FCD00E5FD17 /* TicketView_V3.swift in Sources */,
				9A1D22562DB696B000E5FD17 /* BoardingPassView_V3.swift in Sources */,
				9A1D22712DB6FE3100E5FD17 /* GenericCardView_V1.swift in Sources */,
				9A1D227A2DB7034300E5FD17 /* CouponCardView_V2.swift in Sources */,
				9AAC417C2C74668B00AC0A60 /* MyApp.swift in Sources */,
				9A1D225A2DB6988700E5FD17 /* StoreCardView_V1.swift in Sources */,
				9A1D226C2DB69F0F00E5FD17 /* TicketView_V2.swift in Sources */,
				9A1D22782DB702D500E5FD17 /* CouponCardView_V1.swift in Sources */,
				9A1D22612DB69B1300E5FD17 /* DriverLicenseCardView_V1.swift in Sources */,
			);
			runOnlyForDeploymentPostprocessing = 0;
		};
/* End PBXSourcesBuildPhase section */

/* Begin XCBuildConfiguration section */
		9AAC41852C74668C00AC0A60 /* Debug */ = {
			isa = XCBuildConfiguration;
			buildSettings = {
				ALWAYS_SEARCH_USER_PATHS = NO;
				ASSETCATALOG_COMPILER_GENERATE_SWIFT_ASSET_SYMBOL_EXTENSIONS = YES;
				CLANG_ANALYZER_NONNULL = YES;
				CLANG_ANALYZER_NUMBER_OBJECT_CONVERSION = YES_AGGRESSIVE;
				CLANG_CXX_LANGUAGE_STANDARD = "gnu++20";
				CLANG_ENABLE_MODULES = YES;
				CLANG_ENABLE_OBJC_ARC = YES;
				CLANG_ENABLE_OBJC_WEAK = YES;
				CLANG_WARN_BLOCK_CAPTURE_AUTORELEASING = YES;
				CLANG_WARN_BOOL_CONVERSION = YES;
				CLANG_WARN_COMMA = YES;
				CLANG_WARN_CONSTANT_CONVERSION = YES;
				CLANG_WARN_DEPRECATED_OBJC_IMPLEMENTATIONS = YES;
				CLANG_WARN_DIRECT_OBJC_ISA_USAGE = YES_ERROR;
				CLANG_WARN_DOCUMENTATION_COMMENTS = YES;
				CLANG_WARN_EMPTY_BODY = YES;
				CLANG_WARN_ENUM_CONVERSION = YES;
				CLANG_WARN_INFINITE_RECURSION = YES;
				CLANG_WARN_INT_CONVERSION = YES;
				CLANG_WARN_NON_LITERAL_NULL_CONVERSION = YES;
				CLANG_WARN_OBJC_IMPLICIT_RETAIN_SELF = YES;
				CLANG_WARN_OBJC_LITERAL_CONVERSION = YES;
				CLANG_WARN_OBJC_ROOT_CLASS = YES_ERROR;
				CLANG_WARN_QUOTED_INCLUDE_IN_FRAMEWORK_HEADER = YES;
				CLANG_WARN_RANGE_LOOP_ANALYSIS = YES;
				CLANG_WARN_STRICT_PROTOTYPES = YES;
				CLANG_WARN_SUSPICIOUS_MOVE = YES;
				CLANG_WARN_UNGUARDED_AVAILABILITY = YES_AGGRESSIVE;
				CLANG_WARN_UNREACHABLE_CODE = YES;
				CLANG_WARN__DUPLICATE_METHOD_MATCH = YES;
				COPY_PHASE_STRIP = NO;
				DEAD_CODE_STRIPPING = YES;
				DEBUG_INFORMATION_FORMAT = dwarf;
				ENABLE_STRICT_OBJC_MSGSEND = YES;
				ENABLE_TESTABILITY = YES;
				ENABLE_USER_SCRIPT_SANDBOXING = YES;
				GCC_C_LANGUAGE_STANDARD = gnu17;
				GCC_DYNAMIC_NO_PIC = NO;
				GCC_NO_COMMON_BLOCKS = YES;
				GCC_OPTIMIZATION_LEVEL = 0;
				GCC_PREPROCESSOR_DEFINITIONS = (
					"DEBUG=1",
					"$(inherited)",
				);
				GCC_WARN_64_TO_32_BIT_CONVERSION = YES;
				GCC_WARN_ABOUT_RETURN_TYPE = YES_ERROR;
				GCC_WARN_UNDECLARED_SELECTOR = YES;
				GCC_WARN_UNINITIALIZED_AUTOS = YES_AGGRESSIVE;
				GCC_WARN_UNUSED_FUNCTION = YES;
				GCC_WARN_UNUSED_VARIABLE = YES;
				LOCALIZATION_PREFERS_STRING_CATALOGS = YES;
				MTL_ENABLE_DEBUG_INFO = INCLUDE_SOURCE;
				MTL_FAST_MATH = YES;
				ONLY_ACTIVE_ARCH = YES;
				SWIFT_ACTIVE_COMPILATION_CONDITIONS = "DEBUG $(inherited)";
				SWIFT_OPTIMIZATION_LEVEL = "-Onone";
			};
			name = Debug;
		};
		9AAC41862C74668C00AC0A60 /* Release */ = {
			isa = XCBuildConfiguration;
			buildSettings = {
				ALWAYS_SEARCH_USER_PATHS = NO;
				ASSETCATALOG_COMPILER_GENERATE_SWIFT_ASSET_SYMBOL_EXTENSIONS = YES;
				CLANG_ANALYZER_NONNULL = YES;
				CLANG_ANALYZER_NUMBER_OBJECT_CONVERSION = YES_AGGRESSIVE;
				CLANG_CXX_LANGUAGE_STANDARD = "gnu++20";
				CLANG_ENABLE_MODULES = YES;
				CLANG_ENABLE_OBJC_ARC = YES;
				CLANG_ENABLE_OBJC_WEAK = YES;
				CLANG_WARN_BLOCK_CAPTURE_AUTORELEASING = YES;
				CLANG_WARN_BOOL_CONVERSION = YES;
				CLANG_WARN_COMMA = YES;
				CLANG_WARN_CONSTANT_CONVERSION = YES;
				CLANG_WARN_DEPRECATED_OBJC_IMPLEMENTATIONS = YES;
				CLANG_WARN_DIRECT_OBJC_ISA_USAGE = YES_ERROR;
				CLANG_WARN_DOCUMENTATION_COMMENTS = YES;
				CLANG_WARN_EMPTY_BODY = YES;
				CLANG_WARN_ENUM_CONVERSION = YES;
				CLANG_WARN_INFINITE_RECURSION = YES;
				CLANG_WARN_INT_CONVERSION = YES;
				CLANG_WARN_NON_LITERAL_NULL_CONVERSION = YES;
				CLANG_WARN_OBJC_IMPLICIT_RETAIN_SELF = YES;
				CLANG_WARN_OBJC_LITERAL_CONVERSION = YES;
				CLANG_WARN_OBJC_ROOT_CLASS = YES_ERROR;
				CLANG_WARN_QUOTED_INCLUDE_IN_FRAMEWORK_HEADER = YES;
				CLANG_WARN_RANGE_LOOP_ANALYSIS = YES;
				CLANG_WARN_STRICT_PROTOTYPES = YES;
				CLANG_WARN_SUSPICIOUS_MOVE = YES;
				CLANG_WARN_UNGUARDED_AVAILABILITY = YES_AGGRESSIVE;
				CLANG_WARN_UNREACHABLE_CODE = YES;
				CLANG_WARN__DUPLICATE_METHOD_MATCH = YES;
				COPY_PHASE_STRIP = NO;
				DEAD_CODE_STRIPPING = YES;
				DEBUG_INFORMATION_FORMAT = "dwarf-with-dsym";
				ENABLE_NS_ASSERTIONS = NO;
				ENABLE_STRICT_OBJC_MSGSEND = YES;
				ENABLE_USER_SCRIPT_SANDBOXING = YES;
				GCC_C_LANGUAGE_STANDARD = gnu17;
				GCC_NO_COMMON_BLOCKS = YES;
				GCC_WARN_64_TO_32_BIT_CONVERSION = YES;
				GCC_WARN_ABOUT_RETURN_TYPE = YES_ERROR;
				GCC_WARN_UNDECLARED_SELECTOR = YES;
				GCC_WARN_UNINITIALIZED_AUTOS = YES_AGGRESSIVE;
				GCC_WARN_UNUSED_FUNCTION = YES;
				GCC_WARN_UNUSED_VARIABLE = YES;
				LOCALIZATION_PREFERS_STRING_CATALOGS = YES;
				MTL_ENABLE_DEBUG_INFO = NO;
				MTL_FAST_MATH = YES;
				SWIFT_COMPILATION_MODE = wholemodule;
			};
			name = Release;
		};
		9AAC41882C74668C00AC0A60 /* Debug */ = {
			isa = XCBuildConfiguration;
			buildSettings = {
				ASSETCATALOG_COMPILER_APPICON_NAME = AppIcon;
				ASSETCATALOG_COMPILER_GLOBAL_ACCENT_COLOR_NAME = AccentColor;
				CODE_SIGN_ENTITLEMENTS = MyApp/MyApp.entitlements;
				CODE_SIGN_STYLE = Automatic;
				CURRENT_PROJECT_VERSION = 1;
				DEAD_CODE_STRIPPING = YES;
				DEVELOPMENT_ASSET_PATHS = "\"MyApp/Preview Content\"";
				DEVELOPMENT_TEAM = 99WD9D6Y46;
				ENABLE_HARDENED_RUNTIME = YES;
				ENABLE_PREVIEWS = YES;
				GENERATE_INFOPLIST_FILE = YES;
				"INFOPLIST_KEY_UIApplicationSceneManifest_Generation[sdk=iphoneos*]" = YES;
				"INFOPLIST_KEY_UIApplicationSceneManifest_Generation[sdk=iphonesimulator*]" = YES;
				"INFOPLIST_KEY_UIApplicationSupportsIndirectInputEvents[sdk=iphoneos*]" = YES;
				"INFOPLIST_KEY_UIApplicationSupportsIndirectInputEvents[sdk=iphonesimulator*]" = YES;
				"INFOPLIST_KEY_UILaunchScreen_Generation[sdk=iphoneos*]" = YES;
				"INFOPLIST_KEY_UILaunchScreen_Generation[sdk=iphonesimulator*]" = YES;
				"INFOPLIST_KEY_UIStatusBarStyle[sdk=iphoneos*]" = UIStatusBarStyleDefault;
				"INFOPLIST_KEY_UIStatusBarStyle[sdk=iphonesimulator*]" = UIStatusBarStyleDefault;
				INFOPLIST_KEY_UISupportedInterfaceOrientations_iPad = "UIInterfaceOrientationPortrait UIInterfaceOrientationPortraitUpsideDown UIInterfaceOrientationLandscapeLeft UIInterfaceOrientationLandscapeRight";
				INFOPLIST_KEY_UISupportedInterfaceOrientations_iPhone = "UIInterfaceOrientationPortrait UIInterfaceOrientationLandscapeLeft UIInterfaceOrientationLandscapeRight";
				IPHONEOS_DEPLOYMENT_TARGET = 17.5;
				LD_RUNPATH_SEARCH_PATHS = "@executable_path/Frameworks";
				"LD_RUNPATH_SEARCH_PATHS[sdk=macosx*]" = "@executable_path/../Frameworks";
				MACOSX_DEPLOYMENT_TARGET = 14.5;
				MARKETING_VERSION = 1.0;
				PRODUCT_BUNDLE_IDENTIFIER = tech.CongLeSolutionX.MyApp;
				PRODUCT_NAME = "$(TARGET_NAME)";
				SDKROOT = auto;
				SUPPORTED_PLATFORMS = "iphoneos iphonesimulator macosx";
				SWIFT_EMIT_LOC_STRINGS = YES;
				SWIFT_VERSION = 5.0;
				TARGETED_DEVICE_FAMILY = "1,2";
			};
			name = Debug;
		};
		9AAC41892C74668C00AC0A60 /* Release */ = {
			isa = XCBuildConfiguration;
			buildSettings = {
				ASSETCATALOG_COMPILER_APPICON_NAME = AppIcon;
				ASSETCATALOG_COMPILER_GLOBAL_ACCENT_COLOR_NAME = AccentColor;
				CODE_SIGN_ENTITLEMENTS = MyApp/MyApp.entitlements;
				CODE_SIGN_STYLE = Automatic;
				CURRENT_PROJECT_VERSION = 1;
				DEAD_CODE_STRIPPING = YES;
				DEVELOPMENT_ASSET_PATHS = "\"MyApp/Preview Content\"";
				DEVELOPMENT_TEAM = 99WD9D6Y46;
				ENABLE_HARDENED_RUNTIME = YES;
				ENABLE_PREVIEWS = YES;
				GENERATE_INFOPLIST_FILE = YES;
				"INFOPLIST_KEY_UIApplicationSceneManifest_Generation[sdk=iphoneos*]" = YES;
				"INFOPLIST_KEY_UIApplicationSceneManifest_Generation[sdk=iphonesimulator*]" = YES;
				"INFOPLIST_KEY_UIApplicationSupportsIndirectInputEvents[sdk=iphoneos*]" = YES;
				"INFOPLIST_KEY_UIApplicationSupportsIndirectInputEvents[sdk=iphonesimulator*]" = YES;
				"INFOPLIST_KEY_UILaunchScreen_Generation[sdk=iphoneos*]" = YES;
				"INFOPLIST_KEY_UILaunchScreen_Generation[sdk=iphonesimulator*]" = YES;
				"INFOPLIST_KEY_UIStatusBarStyle[sdk=iphoneos*]" = UIStatusBarStyleDefault;
				"INFOPLIST_KEY_UIStatusBarStyle[sdk=iphonesimulator*]" = UIStatusBarStyleDefault;
				INFOPLIST_KEY_UISupportedInterfaceOrientations_iPad = "UIInterfaceOrientationPortrait UIInterfaceOrientationPortraitUpsideDown UIInterfaceOrientationLandscapeLeft UIInterfaceOrientationLandscapeRight";
				INFOPLIST_KEY_UISupportedInterfaceOrientations_iPhone = "UIInterfaceOrientationPortrait UIInterfaceOrientationLandscapeLeft UIInterfaceOrientationLandscapeRight";
				IPHONEOS_DEPLOYMENT_TARGET = 17.5;
				LD_RUNPATH_SEARCH_PATHS = "@executable_path/Frameworks";
				"LD_RUNPATH_SEARCH_PATHS[sdk=macosx*]" = "@executable_path/../Frameworks";
				MACOSX_DEPLOYMENT_TARGET = 14.5;
				MARKETING_VERSION = 1.0;
				PRODUCT_BUNDLE_IDENTIFIER = tech.CongLeSolutionX.MyApp;
				PRODUCT_NAME = "$(TARGET_NAME)";
				SDKROOT = auto;
				SUPPORTED_PLATFORMS = "iphoneos iphonesimulator macosx";
				SWIFT_EMIT_LOC_STRINGS = YES;
				SWIFT_VERSION = 5.0;
				TARGETED_DEVICE_FAMILY = "1,2";
			};
			name = Release;
		};
/* End XCBuildConfiguration section */

/* Begin XCConfigurationList section */
		9AAC41732C74668B00AC0A60 /* Build configuration list for PBXProject "MyApp" */ = {
			isa = XCConfigurationList;
			buildConfigurations = (
				9AAC41852C74668C00AC0A60 /* Debug */,
				9AAC41862C74668C00AC0A60 /* Release */,
			);
			defaultConfigurationIsVisible = 0;
			defaultConfigurationName = Release;
		};
		9AAC41872C74668C00AC0A60 /* Build configuration list for PBXNativeTarget "MyApp" */ = {
			isa = XCConfigurationList;
			buildConfigurations = (
				9AAC41882C74668C00AC0A60 /* Debug */,
				9AAC41892C74668C00AC0A60 /* Release */,
			);
			defaultConfigurationIsVisible = 0;
			defaultConfigurationName = Release;
		};
/* End XCConfigurationList section */
	};
	rootObject = 9AAC41702C74668B00AC0A60 /* Project object */;
}
