// !$*UTF8*$!
{
	archiveVersion = 1;
	classes = {
	};
	objectVersion = 56;
	objects = {

/* Begin PBXBuildFile section */
		9A888A2F2D14018800396BB0 /* CAMetal3DView.swift in Sources */ = {isa = PBXBuildFile; fileRef = 9A888A2E2D14018500396BB0 /* CAMetal3DView.swift */; };
		9A888A312D1401CC00396BB0 /* RendererFor3DView.swift in Sources */ = {isa = PBXBuildFile; fileRef = 9A888A302D1401CC00396BB0 /* RendererFor3DView.swift */; };
		9A888A332D14020600396BB0 /* ShaderFor3DView.swift in Sources */ = {isa = PBXBuildFile; fileRef = 9A888A322D1401FF00396BB0 /* ShaderFor3DView.swift */; };
		9A888A352D14027800396BB0 /* ShaderFor3DView.metal in Sources */ = {isa = PBXBuildFile; fileRef = 9A888A342D14026D00396BB0 /* ShaderFor3DView.metal */; };
		9A90E1DA2D13E03D003EE66A /* FrameTimer.swift in Sources */ = {isa = PBXBuildFile; fileRef = 9A90E1D92D13E03C003EE66A /* FrameTimer.swift */; };
		9A90E1DC2D13E0FE003EE66A /* SIMD+Extensions.swift in Sources */ = {isa = PBXBuildFile; fileRef = 9A90E1DB2D13E0F7003EE66A /* SIMD+Extensions.swift */; };
		9A90E1DE2D13E18E003EE66A /* ShaderFor2DView.swift in Sources */ = {isa = PBXBuildFile; fileRef = 9A90E1DD2D13E188003EE66A /* ShaderFor2DView.swift */; };
		9A90E1E02D13E1B6003EE66A /* ShaderFor2DView.metal in Sources */ = {isa = PBXBuildFile; fileRef = 9A90E1DF2D13E1B0003EE66A /* ShaderFor2DView.metal */; };
		9A90E1E22D13EA62003EE66A /* CAMetal2DView.swift in Sources */ = {isa = PBXBuildFile; fileRef = 9A90E1E12D13EA62003EE66A /* CAMetal2DView.swift */; };
		9AAC417C2C74668B00AC0A60 /* MyApp.swift in Sources */ = {isa = PBXBuildFile; fileRef = 9AAC417B2C74668B00AC0A60 /* MyApp.swift */; };
		9AAC417E2C74668B00AC0A60 /* ContentView.swift in Sources */ = {isa = PBXBuildFile; fileRef = 9AAC417D2C74668B00AC0A60 /* ContentView.swift */; };
		9AAC41802C74668C00AC0A60 /* Assets.xcassets in Resources */ = {isa = PBXBuildFile; fileRef = 9AAC417F2C74668C00AC0A60 /* Assets.xcassets */; };
		9AAC41842C74668C00AC0A60 /* Preview Assets.xcassets in Resources */ = {isa = PBXBuildFile; fileRef = 9AAC41832C74668C00AC0A60 /* Preview Assets.xcassets */; };
		9AAC418B2C7466F000AC0A60 /* iOS_UIKit_ViewControllerWrapper.swift in Sources */ = {isa = PBXBuildFile; fileRef = 9AAC418A2C7466F000AC0A60 /* iOS_UIKit_ViewControllerWrapper.swift */; };
		9ADE41C52D1419B70037B2CF /* RendererForLightingView.swift in Sources */ = {isa = PBXBuildFile; fileRef = 9ADE41C42D1419AD0037B2CF /* RendererForLightingView.swift */; };
		9ADE41C72D141A260037B2CF /* ShaderForLightingView.swift in Sources */ = {isa = PBXBuildFile; fileRef = 9ADE41C62D141A1F0037B2CF /* ShaderForLightingView.swift */; };
		9ADE41C92D141A520037B2CF /* ShaderForLightingView.metal in Sources */ = {isa = PBXBuildFile; fileRef = 9ADE41C82D141A470037B2CF /* ShaderForLightingView.metal */; };
		9ADE41CB2D141BC20037B2CF /* teapot.obj in Resources */ = {isa = PBXBuildFile; fileRef = 9ADE41CA2D141BC20037B2CF /* teapot.obj */; };
		9ADE41D22D142D2E0037B2CF /* RendererForTexturingView.swift in Sources */ = {isa = PBXBuildFile; fileRef = 9ADE41D12D142D260037B2CF /* RendererForTexturingView.swift */; };
		9ADE41D42D142D520037B2CF /* ShaderForTexturingView.swift in Sources */ = {isa = PBXBuildFile; fileRef = 9ADE41D32D142D4A0037B2CF /* ShaderForTexturingView.swift */; };
		9ADE41D62D142D670037B2CF /* ShaderForTexturingView.metal in Sources */ = {isa = PBXBuildFile; fileRef = 9ADE41D52D142D630037B2CF /* ShaderForTexturingView.metal */; };
		9ADE41DA2D142F4A0037B2CF /* spot_texture.png in Resources */ = {isa = PBXBuildFile; fileRef = 9ADE41D82D142F4A0037B2CF /* spot_texture.png */; };
		9ADE41DB2D142F4A0037B2CF /* spot_texture.svg in Resources */ = {isa = PBXBuildFile; fileRef = 9ADE41D92D142F4A0037B2CF /* spot_texture.svg */; };
		9ADE41DC2D142F4A0037B2CF /* spot.obj in Resources */ = {isa = PBXBuildFile; fileRef = 9ADE41D72D142F4A0037B2CF /* spot.obj */; };
		9ADE41E22D1462010037B2CF /* ObjCMetal2DView.m in Sources */ = {isa = PBXBuildFile; fileRef = 9ADE41E12D1461FF0037B2CF /* ObjCMetal2DView.m */; };
		9ADE41E62D146DF00037B2CF /* MetalPlainViewController.m in Sources */ = {isa = PBXBuildFile; fileRef = 9ADE41E52D146DEF0037B2CF /* MetalPlainViewController.m */; };
		9ADE41E92D146E2A0037B2CF /* CAMetalPlainView.m in Sources */ = {isa = PBXBuildFile; fileRef = 9ADE41E82D146E270037B2CF /* CAMetalPlainView.m */; };
		9ADE41F22D1479230037B2CF /* CAMetal2DView.m in Sources */ = {isa = PBXBuildFile; fileRef = 9ADE41F12D1479220037B2CF /* CAMetal2DView.m */; };
		9ADE41F42D14794F0037B2CF /* ShadersForObjCMetal2DView.metal in Sources */ = {isa = PBXBuildFile; fileRef = 9ADE41F32D14794B0037B2CF /* ShadersForObjCMetal2DView.metal */; };
		9ADE41F72D1479EC0037B2CF /* Metal2DViewController.m in Sources */ = {isa = PBXBuildFile; fileRef = 9ADE41F62D1479EA0037B2CF /* Metal2DViewController.m */; };
		9AE591E82D125BE5002C2B05 /* MetalView.swift in Sources */ = {isa = PBXBuildFile; fileRef = 9AE591E72D125BE3002C2B05 /* MetalView.swift */; };
		9AE591EA2D125BF1002C2B05 /* CAMetalPlainView.swift in Sources */ = {isa = PBXBuildFile; fileRef = 9AE591E92D125BF0002C2B05 /* CAMetalPlainView.swift */; };
		9AE591EC2D125C20002C2B05 /* CoreGraphics+Extensions.swift in Sources */ = {isa = PBXBuildFile; fileRef = 9AE591EB2D125C16002C2B05 /* CoreGraphics+Extensions.swift */; };
		9AE591EE2D125C36002C2B05 /* Foundation+Extensions.swift in Sources */ = {isa = PBXBuildFile; fileRef = 9AE591ED2D125C31002C2B05 /* Foundation+Extensions.swift */; };
		9AE591F42D129928002C2B05 /* ObjCViewController.m in Sources */ = {isa = PBXBuildFile; fileRef = 9AE591F32D129925002C2B05 /* ObjCViewController.m */; };
		9AE591F82D129B81002C2B05 /* ObjCMetalPlainView.m in Sources */ = {isa = PBXBuildFile; fileRef = 9AE591F72D129B74002C2B05 /* ObjCMetalPlainView.m */; };
/* End PBXBuildFile section */

/* Begin PBXFileReference section */
		9A888A2E2D14018500396BB0 /* CAMetal3DView.swift */ = {isa = PBXFileReference; lastKnownFileType = sourcecode.swift; path = CAMetal3DView.swift; sourceTree = "<group>"; };
		9A888A302D1401CC00396BB0 /* RendererFor3DView.swift */ = {isa = PBXFileReference; lastKnownFileType = sourcecode.swift; path = RendererFor3DView.swift; sourceTree = "<group>"; };
		9A888A322D1401FF00396BB0 /* ShaderFor3DView.swift */ = {isa = PBXFileReference; lastKnownFileType = sourcecode.swift; path = ShaderFor3DView.swift; sourceTree = "<group>"; };
		9A888A342D14026D00396BB0 /* ShaderFor3DView.metal */ = {isa = PBXFileReference; lastKnownFileType = sourcecode.metal; path = ShaderFor3DView.metal; sourceTree = "<group>"; };
		9A90E1D92D13E03C003EE66A /* FrameTimer.swift */ = {isa = PBXFileReference; lastKnownFileType = sourcecode.swift; path = FrameTimer.swift; sourceTree = "<group>"; };
		9A90E1DB2D13E0F7003EE66A /* SIMD+Extensions.swift */ = {isa = PBXFileReference; lastKnownFileType = sourcecode.swift; path = "SIMD+Extensions.swift"; sourceTree = "<group>"; };
		9A90E1DD2D13E188003EE66A /* ShaderFor2DView.swift */ = {isa = PBXFileReference; lastKnownFileType = sourcecode.swift; path = ShaderFor2DView.swift; sourceTree = "<group>"; };
		9A90E1DF2D13E1B0003EE66A /* ShaderFor2DView.metal */ = {isa = PBXFileReference; lastKnownFileType = sourcecode.metal; path = ShaderFor2DView.metal; sourceTree = "<group>"; };
		9A90E1E12D13EA62003EE66A /* CAMetal2DView.swift */ = {isa = PBXFileReference; lastKnownFileType = sourcecode.swift; path = CAMetal2DView.swift; sourceTree = "<group>"; };
		9AAC41782C74668B00AC0A60 /* MyApp.app */ = {isa = PBXFileReference; explicitFileType = wrapper.application; includeInIndex = 0; path = MyApp.app; sourceTree = BUILT_PRODUCTS_DIR; };
		9AAC417B2C74668B00AC0A60 /* MyApp.swift */ = {isa = PBXFileReference; lastKnownFileType = sourcecode.swift; path = MyApp.swift; sourceTree = "<group>"; };
		9AAC417D2C74668B00AC0A60 /* ContentView.swift */ = {isa = PBXFileReference; lastKnownFileType = sourcecode.swift; path = ContentView.swift; sourceTree = "<group>"; };
		9AAC417F2C74668C00AC0A60 /* Assets.xcassets */ = {isa = PBXFileReference; lastKnownFileType = folder.assetcatalog; path = Assets.xcassets; sourceTree = "<group>"; };
		9AAC41812C74668C00AC0A60 /* MyApp.entitlements */ = {isa = PBXFileReference; lastKnownFileType = text.plist.entitlements; path = MyApp.entitlements; sourceTree = "<group>"; };
		9AAC41832C74668C00AC0A60 /* Preview Assets.xcassets */ = {isa = PBXFileReference; lastKnownFileType = folder.assetcatalog; path = "Preview Assets.xcassets"; sourceTree = "<group>"; };
		9AAC418A2C7466F000AC0A60 /* iOS_UIKit_ViewControllerWrapper.swift */ = {isa = PBXFileReference; lastKnownFileType = sourcecode.swift; path = iOS_UIKit_ViewControllerWrapper.swift; sourceTree = "<group>"; };
		9ADE41C42D1419AD0037B2CF /* RendererForLightingView.swift */ = {isa = PBXFileReference; lastKnownFileType = sourcecode.swift; path = RendererForLightingView.swift; sourceTree = "<group>"; };
		9ADE41C62D141A1F0037B2CF /* ShaderForLightingView.swift */ = {isa = PBXFileReference; lastKnownFileType = sourcecode.swift; path = ShaderForLightingView.swift; sourceTree = "<group>"; };
		9ADE41C82D141A470037B2CF /* ShaderForLightingView.metal */ = {isa = PBXFileReference; lastKnownFileType = sourcecode.metal; path = ShaderForLightingView.metal; sourceTree = "<group>"; };
		9ADE41CA2D141BC20037B2CF /* teapot.obj */ = {isa = PBXFileReference; lastKnownFileType = text; path = teapot.obj; sourceTree = "<group>"; };
		9ADE41D12D142D260037B2CF /* RendererForTexturingView.swift */ = {isa = PBXFileReference; lastKnownFileType = sourcecode.swift; path = RendererForTexturingView.swift; sourceTree = "<group>"; };
		9ADE41D32D142D4A0037B2CF /* ShaderForTexturingView.swift */ = {isa = PBXFileReference; lastKnownFileType = sourcecode.swift; path = ShaderForTexturingView.swift; sourceTree = "<group>"; };
		9ADE41D52D142D630037B2CF /* ShaderForTexturingView.metal */ = {isa = PBXFileReference; lastKnownFileType = sourcecode.metal; path = ShaderForTexturingView.metal; sourceTree = "<group>"; };
		9ADE41D72D142F4A0037B2CF /* spot.obj */ = {isa = PBXFileReference; lastKnownFileType = text; path = spot.obj; sourceTree = "<group>"; };
		9ADE41D82D142F4A0037B2CF /* spot_texture.png */ = {isa = PBXFileReference; lastKnownFileType = image.png; path = spot_texture.png; sourceTree = "<group>"; };
		9ADE41D92D142F4A0037B2CF /* spot_texture.svg */ = {isa = PBXFileReference; lastKnownFileType = text.xml; path = spot_texture.svg; sourceTree = "<group>"; };
		9ADE41E02D1461EB0037B2CF /* ObjCMetal2DView.h */ = {isa = PBXFileReference; lastKnownFileType = sourcecode.c.h; path = ObjCMetal2DView.h; sourceTree = "<group>"; };
		9ADE41E12D1461FF0037B2CF /* ObjCMetal2DView.m */ = {isa = PBXFileReference; lastKnownFileType = sourcecode.c.objc; path = ObjCMetal2DView.m; sourceTree = "<group>"; };
		9ADE41E52D146DEF0037B2CF /* MetalPlainViewController.m */ = {isa = PBXFileReference; lastKnownFileType = sourcecode.c.objc; path = MetalPlainViewController.m; sourceTree = "<group>"; };
		9ADE41E72D146E220037B2CF /* CAMetalPlainView.h */ = {isa = PBXFileReference; lastKnownFileType = sourcecode.c.h; path = CAMetalPlainView.h; sourceTree = "<group>"; };
		9ADE41E82D146E270037B2CF /* CAMetalPlainView.m */ = {isa = PBXFileReference; lastKnownFileType = sourcecode.c.objc; path = CAMetalPlainView.m; sourceTree = "<group>"; };
		9ADE41F02D1479180037B2CF /* CAMetal2DView.h */ = {isa = PBXFileReference; lastKnownFileType = sourcecode.c.h; path = CAMetal2DView.h; sourceTree = "<group>"; };
		9ADE41F12D1479220037B2CF /* CAMetal2DView.m */ = {isa = PBXFileReference; lastKnownFileType = sourcecode.c.objc; path = CAMetal2DView.m; sourceTree = "<group>"; };
		9ADE41F32D14794B0037B2CF /* ShadersForObjCMetal2DView.metal */ = {isa = PBXFileReference; lastKnownFileType = sourcecode.metal; path = ShadersForObjCMetal2DView.metal; sourceTree = "<group>"; };
		9ADE41F52D1479E00037B2CF /* Metal2DViewController.h */ = {isa = PBXFileReference; lastKnownFileType = sourcecode.c.h; path = Metal2DViewController.h; sourceTree = "<group>"; };
		9ADE41F62D1479EA0037B2CF /* Metal2DViewController.m */ = {isa = PBXFileReference; lastKnownFileType = sourcecode.c.objc; path = Metal2DViewController.m; sourceTree = "<group>"; };
		9ADE41FA2D147E1E0037B2CF /* MetalPlainViewController.h */ = {isa = PBXFileReference; lastKnownFileType = sourcecode.c.h; path = MetalPlainViewController.h; sourceTree = "<group>"; };
		9AE591E72D125BE3002C2B05 /* MetalView.swift */ = {isa = PBXFileReference; lastKnownFileType = sourcecode.swift; path = MetalView.swift; sourceTree = "<group>"; };
		9AE591E92D125BF0002C2B05 /* CAMetalPlainView.swift */ = {isa = PBXFileReference; lastKnownFileType = sourcecode.swift; path = CAMetalPlainView.swift; sourceTree = "<group>"; };
		9AE591EB2D125C16002C2B05 /* CoreGraphics+Extensions.swift */ = {isa = PBXFileReference; lastKnownFileType = sourcecode.swift; path = "CoreGraphics+Extensions.swift"; sourceTree = "<group>"; };
		9AE591ED2D125C31002C2B05 /* Foundation+Extensions.swift */ = {isa = PBXFileReference; lastKnownFileType = sourcecode.swift; path = "Foundation+Extensions.swift"; sourceTree = "<group>"; };
		9AE591F32D129925002C2B05 /* ObjCViewController.m */ = {isa = PBXFileReference; lastKnownFileType = sourcecode.c.objc; path = ObjCViewController.m; sourceTree = "<group>"; };
		9AE591F52D12992A002C2B05 /* MyApp-Bridging-Header.h */ = {isa = PBXFileReference; lastKnownFileType = sourcecode.c.h; path = "MyApp-Bridging-Header.h"; sourceTree = "<group>"; };
		9AE591F62D129935002C2B05 /* ObjCViewController.h */ = {isa = PBXFileReference; lastKnownFileType = sourcecode.c.h; path = ObjCViewController.h; sourceTree = "<group>"; };
		9AE591F72D129B74002C2B05 /* ObjCMetalPlainView.m */ = {isa = PBXFileReference; lastKnownFileType = sourcecode.c.objc; path = ObjCMetalPlainView.m; sourceTree = "<group>"; };
		9AE591F92D129B9C002C2B05 /* ObjCMetalPlainView.h */ = {isa = PBXFileReference; lastKnownFileType = sourcecode.c.h; path = ObjCMetalPlainView.h; sourceTree = "<group>"; };
/* End PBXFileReference section */

/* Begin PBXFrameworksBuildPhase section */
		9AAC41752C74668B00AC0A60 /* Frameworks */ = {
			isa = PBXFrameworksBuildPhase;
			buildActionMask = 2147483647;
			files = (
			);
			runOnlyForDeploymentPostprocessing = 0;
		};
/* End PBXFrameworksBuildPhase section */

/* Begin PBXGroup section */
		9A61351F2D14906A0009C988 /* Metal2DView */ = {
			isa = PBXGroup;
			children = (
				9ADE41F82D147A940037B2CF /* Metal2DViewController */,
				9ADE41F32D14794B0037B2CF /* ShadersForObjCMetal2DView.metal */,
				9ADE41F92D147AAB0037B2CF /* CAMetal2DView */,
			);
			path = Metal2DView;
			sourceTree = "<group>";
		};
		9A6135202D14908B0009C988 /* MetalPlainView */ = {
			isa = PBXGroup;
			children = (
				9ADE41EB2D14713F0037B2CF /* CAMetalPlainView */,
				9ADE41EA2D1471320037B2CF /* MetalPlainViewController */,
			);
			path = MetalPlainView;
			sourceTree = "<group>";
		};
		9A888A1F2D13F21400396BB0 /* MetalViews */ = {
			isa = PBXGroup;
			children = (
				9AE591E72D125BE3002C2B05 /* MetalView.swift */,
				9AE591E92D125BF0002C2B05 /* CAMetalPlainView.swift */,
				9A90E1E12D13EA62003EE66A /* CAMetal2DView.swift */,
				9A888A2E2D14018500396BB0 /* CAMetal3DView.swift */,
			);
			path = MetalViews;
			sourceTree = "<group>";
		};
		9A90E1D82D13DD1C003EE66A /* ObjCMetalView */ = {
			isa = PBXGroup;
			children = (
				9ADE41EC2D14714B0037B2CF /* Simmilar_Logic_with_Swift */,
				9ADE41EF2D14717D0037B2CF /* For_References */,
			);
			path = ObjCMetalView;
			sourceTree = "<group>";
		};
		9AAC416F2C74668B00AC0A60 = {
			isa = PBXGroup;
			children = (
				9AAC417A2C74668B00AC0A60 /* MyApp */,
				9AAC41792C74668B00AC0A60 /* Products */,
			);
			sourceTree = "<group>";
		};
		9AAC41792C74668B00AC0A60 /* Products */ = {
			isa = PBXGroup;
			children = (
				9AAC41782C74668B00AC0A60 /* MyApp.app */,
			);
			name = Products;
			sourceTree = "<group>";
		};
		9AAC417A2C74668B00AC0A60 /* MyApp */ = {
			isa = PBXGroup;
			children = (
				9AAC417B2C74668B00AC0A60 /* MyApp.swift */,
				9AAC417D2C74668B00AC0A60 /* ContentView.swift */,
				9AAC418A2C7466F000AC0A60 /* iOS_UIKit_ViewControllerWrapper.swift */,
				9AE591EF2D125C81002C2B05 /* Metal_Basic-Views */,
				9AE591F02D125C9E002C2B05 /* Utils */,
				9AAC417F2C74668C00AC0A60 /* Assets.xcassets */,
				9AAC41812C74668C00AC0A60 /* MyApp.entitlements */,
				9AAC41822C74668C00AC0A60 /* Preview Content */,
				9AE591F52D12992A002C2B05 /* MyApp-Bridging-Header.h */,
			);
			path = MyApp;
			sourceTree = "<group>";
		};
		9AAC41822C74668C00AC0A60 /* Preview Content */ = {
			isa = PBXGroup;
			children = (
				9AAC41832C74668C00AC0A60 /* Preview Assets.xcassets */,
			);
			path = "Preview Content";
			sourceTree = "<group>";
		};
		9ADE41C32D1418760037B2CF /* Shaders */ = {
			isa = PBXGroup;
			children = (
				9ADE41DE2D1433E40037B2CF /* ShaderForTexturingView */,
				9ADE41CC2D142B3B0037B2CF /* ShaderForLightingView */,
				9ADE41CD2D142B490037B2CF /* ShaderFor3DView */,
				9ADE41CE2D142B550037B2CF /* ShaderFor2DView */,
			);
			path = Shaders;
			sourceTree = "<group>";
		};
		9ADE41CC2D142B3B0037B2CF /* ShaderForLightingView */ = {
			isa = PBXGroup;
			children = (
				9ADE41C62D141A1F0037B2CF /* ShaderForLightingView.swift */,
				9ADE41C82D141A470037B2CF /* ShaderForLightingView.metal */,
			);
			path = ShaderForLightingView;
			sourceTree = "<group>";
		};
		9ADE41CD2D142B490037B2CF /* ShaderFor3DView */ = {
			isa = PBXGroup;
			children = (
				9A888A342D14026D00396BB0 /* ShaderFor3DView.metal */,
				9A888A322D1401FF00396BB0 /* ShaderFor3DView.swift */,
			);
			path = ShaderFor3DView;
			sourceTree = "<group>";
		};
		9ADE41CE2D142B550037B2CF /* ShaderFor2DView */ = {
			isa = PBXGroup;
			children = (
				9A90E1DD2D13E188003EE66A /* ShaderFor2DView.swift */,
				9A90E1DF2D13E1B0003EE66A /* ShaderFor2DView.metal */,
			);
			path = ShaderFor2DView;
			sourceTree = "<group>";
		};
		9ADE41CF2D142B650037B2CF /* Renderers */ = {
			isa = PBXGroup;
			children = (
				9A888A302D1401CC00396BB0 /* RendererFor3DView.swift */,
				9ADE41C42D1419AD0037B2CF /* RendererForLightingView.swift */,
				9ADE41D12D142D260037B2CF /* RendererForTexturingView.swift */,
			);
			path = Renderers;
			sourceTree = "<group>";
		};
		9ADE41D02D142B790037B2CF /* Assets_ForLightingView */ = {
			isa = PBXGroup;
			children = (
				9ADE41CA2D141BC20037B2CF /* teapot.obj */,
			);
			path = Assets_ForLightingView;
			sourceTree = "<group>";
		};
		9ADE41DD2D1430490037B2CF /* Assets_ForTexturingView */ = {
			isa = PBXGroup;
			children = (
				9ADE41D72D142F4A0037B2CF /* spot.obj */,
				9ADE41D82D142F4A0037B2CF /* spot_texture.png */,
				9ADE41D92D142F4A0037B2CF /* spot_texture.svg */,
			);
			path = Assets_ForTexturingView;
			sourceTree = "<group>";
		};
		9ADE41DE2D1433E40037B2CF /* ShaderForTexturingView */ = {
			isa = PBXGroup;
			children = (
				9ADE41D32D142D4A0037B2CF /* ShaderForTexturingView.swift */,
				9ADE41D52D142D630037B2CF /* ShaderForTexturingView.metal */,
			);
			path = ShaderForTexturingView;
			sourceTree = "<group>";
		};
		9ADE41DF2D14348B0037B2CF /* Assets */ = {
			isa = PBXGroup;
			children = (
				9ADE41DD2D1430490037B2CF /* Assets_ForTexturingView */,
				9ADE41D02D142B790037B2CF /* Assets_ForLightingView */,
			);
			path = Assets;
			sourceTree = "<group>";
		};
		9ADE41E32D1462350037B2CF /* MetalPlainView */ = {
			isa = PBXGroup;
			children = (
				9AE591F92D129B9C002C2B05 /* ObjCMetalPlainView.h */,
				9AE591F72D129B74002C2B05 /* ObjCMetalPlainView.m */,
			);
			path = MetalPlainView;
			sourceTree = "<group>";
		};
		9ADE41EA2D1471320037B2CF /* MetalPlainViewController */ = {
			isa = PBXGroup;
			children = (
				9ADE41FA2D147E1E0037B2CF /* MetalPlainViewController.h */,
				9ADE41E52D146DEF0037B2CF /* MetalPlainViewController.m */,
			);
			path = MetalPlainViewController;
			sourceTree = "<group>";
		};
		9ADE41EB2D14713F0037B2CF /* CAMetalPlainView */ = {
			isa = PBXGroup;
			children = (
				9ADE41E82D146E270037B2CF /* CAMetalPlainView.m */,
				9ADE41E72D146E220037B2CF /* CAMetalPlainView.h */,
			);
			path = CAMetalPlainView;
			sourceTree = "<group>";
		};
		9ADE41EC2D14714B0037B2CF /* Simmilar_Logic_with_Swift */ = {
			isa = PBXGroup;
			children = (
				9A61351F2D14906A0009C988 /* Metal2DView */,
				9A6135202D14908B0009C988 /* MetalPlainView */,
			);
			path = Simmilar_Logic_with_Swift;
			sourceTree = "<group>";
		};
		9ADE41ED2D1471690037B2CF /* ObjCMetal2DView */ = {
			isa = PBXGroup;
			children = (
				9ADE41E12D1461FF0037B2CF /* ObjCMetal2DView.m */,
				9ADE41E02D1461EB0037B2CF /* ObjCMetal2DView.h */,
			);
			path = ObjCMetal2DView;
			sourceTree = "<group>";
		};
		9ADE41EE2D1471760037B2CF /* ObjCViewController */ = {
			isa = PBXGroup;
			children = (
				9AE591F62D129935002C2B05 /* ObjCViewController.h */,
				9AE591F32D129925002C2B05 /* ObjCViewController.m */,
			);
			path = ObjCViewController;
			sourceTree = "<group>";
		};
		9ADE41EF2D14717D0037B2CF /* For_References */ = {
			isa = PBXGroup;
			children = (
				9ADE41ED2D1471690037B2CF /* ObjCMetal2DView */,
				9ADE41E32D1462350037B2CF /* MetalPlainView */,
				9ADE41EE2D1471760037B2CF /* ObjCViewController */,
			);
			path = For_References;
			sourceTree = "<group>";
		};
		9ADE41F82D147A940037B2CF /* Metal2DViewController */ = {
			isa = PBXGroup;
			children = (
				9ADE41F62D1479EA0037B2CF /* Metal2DViewController.m */,
				9ADE41F52D1479E00037B2CF /* Metal2DViewController.h */,
			);
			path = Metal2DViewController;
			sourceTree = "<group>";
		};
		9ADE41F92D147AAB0037B2CF /* CAMetal2DView */ = {
			isa = PBXGroup;
			children = (
				9ADE41F12D1479220037B2CF /* CAMetal2DView.m */,
				9ADE41F02D1479180037B2CF /* CAMetal2DView.h */,
			);
			path = CAMetal2DView;
			sourceTree = "<group>";
		};
		9AE591EF2D125C81002C2B05 /* Metal_Basic-Views */ = {
			isa = PBXGroup;
			children = (
				9A888A1F2D13F21400396BB0 /* MetalViews */,
				9ADE41C32D1418760037B2CF /* Shaders */,
				9ADE41CF2D142B650037B2CF /* Renderers */,
				9ADE41DF2D14348B0037B2CF /* Assets */,
				9A90E1D82D13DD1C003EE66A /* ObjCMetalView */,
			);
			path = "Metal_Basic-Views";
			sourceTree = "<group>";
		};
		9AE591F02D125C9E002C2B05 /* Utils */ = {
			isa = PBXGroup;
			children = (
				9A90E1DB2D13E0F7003EE66A /* SIMD+Extensions.swift */,
				9A90E1D92D13E03C003EE66A /* FrameTimer.swift */,
				9AE591EB2D125C16002C2B05 /* CoreGraphics+Extensions.swift */,
				9AE591ED2D125C31002C2B05 /* Foundation+Extensions.swift */,
			);
			path = Utils;
			sourceTree = "<group>";
		};
/* End PBXGroup section */

/* Begin PBXNativeTarget section */
		9AAC41772C74668B00AC0A60 /* MyApp */ = {
			isa = PBXNativeTarget;
			buildConfigurationList = 9AAC41872C74668C00AC0A60 /* Build configuration list for PBXNativeTarget "MyApp" */;
			buildPhases = (
				9AAC41742C74668B00AC0A60 /* Sources */,
				9AAC41752C74668B00AC0A60 /* Frameworks */,
				9AAC41762C74668B00AC0A60 /* Resources */,
			);
			buildRules = (
			);
			dependencies = (
			);
			name = MyApp;
			productName = MyApp;
			productReference = 9AAC41782C74668B00AC0A60 /* MyApp.app */;
			productType = "com.apple.product-type.application";
		};
/* End PBXNativeTarget section */

/* Begin PBXProject section */
		9AAC41702C74668B00AC0A60 /* Project object */ = {
			isa = PBXProject;
			attributes = {
				BuildIndependentTargetsInParallel = 1;
				LastSwiftUpdateCheck = 1540;
				LastUpgradeCheck = 1610;
				TargetAttributes = {
					9AAC41772C74668B00AC0A60 = {
						CreatedOnToolsVersion = 15.4;
						LastSwiftMigration = 1610;
					};
				};
			};
			buildConfigurationList = 9AAC41732C74668B00AC0A60 /* Build configuration list for PBXProject "MyApp" */;
			compatibilityVersion = "Xcode 14.0";
			developmentRegion = en;
			hasScannedForEncodings = 0;
			knownRegions = (
				en,
				Base,
			);
			mainGroup = 9AAC416F2C74668B00AC0A60;
			productRefGroup = 9AAC41792C74668B00AC0A60 /* Products */;
			projectDirPath = "";
			projectRoot = "";
			targets = (
				9AAC41772C74668B00AC0A60 /* MyApp */,
			);
		};
/* End PBXProject section */

/* Begin PBXResourcesBuildPhase section */
		9AAC41762C74668B00AC0A60 /* Resources */ = {
			isa = PBXResourcesBuildPhase;
			buildActionMask = 2147483647;
			files = (
				9ADE41DA2D142F4A0037B2CF /* spot_texture.png in Resources */,
				9ADE41DB2D142F4A0037B2CF /* spot_texture.svg in Resources */,
				9ADE41DC2D142F4A0037B2CF /* spot.obj in Resources */,
				9AAC41842C74668C00AC0A60 /* Preview Assets.xcassets in Resources */,
				9AAC41802C74668C00AC0A60 /* Assets.xcassets in Resources */,
				9ADE41CB2D141BC20037B2CF /* teapot.obj in Resources */,
			);
			runOnlyForDeploymentPostprocessing = 0;
		};
/* End PBXResourcesBuildPhase section */

/* Begin PBXSourcesBuildPhase section */
		9AAC41742C74668B00AC0A60 /* Sources */ = {
			isa = PBXSourcesBuildPhase;
			buildActionMask = 2147483647;
			files = (
				9ADE41F42D14794F0037B2CF /* ShadersForObjCMetal2DView.metal in Sources */,
				9ADE41D42D142D520037B2CF /* ShaderForTexturingView.swift in Sources */,
				9A888A312D1401CC00396BB0 /* RendererFor3DView.swift in Sources */,
				9ADE41C72D141A260037B2CF /* ShaderForLightingView.swift in Sources */,
				9AE591EA2D125BF1002C2B05 /* CAMetalPlainView.swift in Sources */,
				9A888A352D14027800396BB0 /* ShaderFor3DView.metal in Sources */,
				9ADE41C52D1419B70037B2CF /* RendererForLightingView.swift in Sources */,
				9AE591E82D125BE5002C2B05 /* MetalView.swift in Sources */,
				9ADE41D22D142D2E0037B2CF /* RendererForTexturingView.swift in Sources */,
				9ADE41C92D141A520037B2CF /* ShaderForLightingView.metal in Sources */,
				9A90E1DE2D13E18E003EE66A /* ShaderFor2DView.swift in Sources */,
				9A90E1E02D13E1B6003EE66A /* ShaderFor2DView.metal in Sources */,
				9A90E1DC2D13E0FE003EE66A /* SIMD+Extensions.swift in Sources */,
				9A888A332D14020600396BB0 /* ShaderFor3DView.swift in Sources */,
				9A888A2F2D14018800396BB0 /* CAMetal3DView.swift in Sources */,
				9AE591F42D129928002C2B05 /* ObjCViewController.m in Sources */,
				9A90E1DA2D13E03D003EE66A /* FrameTimer.swift in Sources */,
				9ADE41D62D142D670037B2CF /* ShaderForTexturingView.metal in Sources */,
				9AAC418B2C7466F000AC0A60 /* iOS_UIKit_ViewControllerWrapper.swift in Sources */,
				9AAC417E2C74668B00AC0A60 /* ContentView.swift in Sources */,
				9AE591F82D129B81002C2B05 /* ObjCMetalPlainView.m in Sources */,
				9A90E1E22D13EA62003EE66A /* CAMetal2DView.swift in Sources */,
				9AE591EE2D125C36002C2B05 /* Foundation+Extensions.swift in Sources */,
				9ADE41E22D1462010037B2CF /* ObjCMetal2DView.m in Sources */,
				9ADE41F72D1479EC0037B2CF /* Metal2DViewController.m in Sources */,
				9AAC417C2C74668B00AC0A60 /* MyApp.swift in Sources */,
				9ADE41E62D146DF00037B2CF /* MetalPlainViewController.m in Sources */,
				9AE591EC2D125C20002C2B05 /* CoreGraphics+Extensions.swift in Sources */,
				9ADE41F22D1479230037B2CF /* CAMetal2DView.m in Sources */,
				9ADE41E92D146E2A0037B2CF /* CAMetalPlainView.m in Sources */,
			);
			runOnlyForDeploymentPostprocessing = 0;
		};
/* End PBXSourcesBuildPhase section */

/* Begin XCBuildConfiguration section */
		9AAC41852C74668C00AC0A60 /* Debug */ = {
			isa = XCBuildConfiguration;
			buildSettings = {
				ALWAYS_SEARCH_USER_PATHS = NO;
				ASSETCATALOG_COMPILER_GENERATE_SWIFT_ASSET_SYMBOL_EXTENSIONS = YES;
				CLANG_ANALYZER_NONNULL = YES;
				CLANG_ANALYZER_NUMBER_OBJECT_CONVERSION = YES_AGGRESSIVE;
				CLANG_CXX_LANGUAGE_STANDARD = "gnu++20";
				CLANG_ENABLE_MODULES = YES;
				CLANG_ENABLE_OBJC_ARC = YES;
				CLANG_ENABLE_OBJC_WEAK = YES;
				CLANG_WARN_BLOCK_CAPTURE_AUTORELEASING = YES;
				CLANG_WARN_BOOL_CONVERSION = YES;
				CLANG_WARN_COMMA = YES;
				CLANG_WARN_CONSTANT_CONVERSION = YES;
				CLANG_WARN_DEPRECATED_OBJC_IMPLEMENTATIONS = YES;
				CLANG_WARN_DIRECT_OBJC_ISA_USAGE = YES_ERROR;
				CLANG_WARN_DOCUMENTATION_COMMENTS = YES;
				CLANG_WARN_EMPTY_BODY = YES;
				CLANG_WARN_ENUM_CONVERSION = YES;
				CLANG_WARN_INFINITE_RECURSION = YES;
				CLANG_WARN_INT_CONVERSION = YES;
				CLANG_WARN_NON_LITERAL_NULL_CONVERSION = YES;
				CLANG_WARN_OBJC_IMPLICIT_RETAIN_SELF = YES;
				CLANG_WARN_OBJC_LITERAL_CONVERSION = YES;
				CLANG_WARN_OBJC_ROOT_CLASS = YES_ERROR;
				CLANG_WARN_QUOTED_INCLUDE_IN_FRAMEWORK_HEADER = YES;
				CLANG_WARN_RANGE_LOOP_ANALYSIS = YES;
				CLANG_WARN_STRICT_PROTOTYPES = YES;
				CLANG_WARN_SUSPICIOUS_MOVE = YES;
				CLANG_WARN_UNGUARDED_AVAILABILITY = YES_AGGRESSIVE;
				CLANG_WARN_UNREACHABLE_CODE = YES;
				CLANG_WARN__DUPLICATE_METHOD_MATCH = YES;
				COPY_PHASE_STRIP = NO;
				DEAD_CODE_STRIPPING = YES;
				DEBUG_INFORMATION_FORMAT = dwarf;
				ENABLE_STRICT_OBJC_MSGSEND = YES;
				ENABLE_TESTABILITY = YES;
				ENABLE_USER_SCRIPT_SANDBOXING = YES;
				GCC_C_LANGUAGE_STANDARD = gnu17;
				GCC_DYNAMIC_NO_PIC = NO;
				GCC_NO_COMMON_BLOCKS = YES;
				GCC_OPTIMIZATION_LEVEL = 0;
				GCC_PREPROCESSOR_DEFINITIONS = (
					"DEBUG=1",
					"$(inherited)",
				);
				GCC_WARN_64_TO_32_BIT_CONVERSION = YES;
				GCC_WARN_ABOUT_RETURN_TYPE = YES_ERROR;
				GCC_WARN_UNDECLARED_SELECTOR = YES;
				GCC_WARN_UNINITIALIZED_AUTOS = YES_AGGRESSIVE;
				GCC_WARN_UNUSED_FUNCTION = YES;
				GCC_WARN_UNUSED_VARIABLE = YES;
				LOCALIZATION_PREFERS_STRING_CATALOGS = YES;
				MTL_ENABLE_DEBUG_INFO = INCLUDE_SOURCE;
				MTL_FAST_MATH = YES;
				ONLY_ACTIVE_ARCH = YES;
				SWIFT_ACTIVE_COMPILATION_CONDITIONS = "DEBUG $(inherited)";
				SWIFT_OPTIMIZATION_LEVEL = "-Onone";
			};
			name = Debug;
		};
		9AAC41862C74668C00AC0A60 /* Release */ = {
			isa = XCBuildConfiguration;
			buildSettings = {
				ALWAYS_SEARCH_USER_PATHS = NO;
				ASSETCATALOG_COMPILER_GENERATE_SWIFT_ASSET_SYMBOL_EXTENSIONS = YES;
				CLANG_ANALYZER_NONNULL = YES;
				CLANG_ANALYZER_NUMBER_OBJECT_CONVERSION = YES_AGGRESSIVE;
				CLANG_CXX_LANGUAGE_STANDARD = "gnu++20";
				CLANG_ENABLE_MODULES = YES;
				CLANG_ENABLE_OBJC_ARC = YES;
				CLANG_ENABLE_OBJC_WEAK = YES;
				CLANG_WARN_BLOCK_CAPTURE_AUTORELEASING = YES;
				CLANG_WARN_BOOL_CONVERSION = YES;
				CLANG_WARN_COMMA = YES;
				CLANG_WARN_CONSTANT_CONVERSION = YES;
				CLANG_WARN_DEPRECATED_OBJC_IMPLEMENTATIONS = YES;
				CLANG_WARN_DIRECT_OBJC_ISA_USAGE = YES_ERROR;
				CLANG_WARN_DOCUMENTATION_COMMENTS = YES;
				CLANG_WARN_EMPTY_BODY = YES;
				CLANG_WARN_ENUM_CONVERSION = YES;
				CLANG_WARN_INFINITE_RECURSION = YES;
				CLANG_WARN_INT_CONVERSION = YES;
				CLANG_WARN_NON_LITERAL_NULL_CONVERSION = YES;
				CLANG_WARN_OBJC_IMPLICIT_RETAIN_SELF = YES;
				CLANG_WARN_OBJC_LITERAL_CONVERSION = YES;
				CLANG_WARN_OBJC_ROOT_CLASS = YES_ERROR;
				CLANG_WARN_QUOTED_INCLUDE_IN_FRAMEWORK_HEADER = YES;
				CLANG_WARN_RANGE_LOOP_ANALYSIS = YES;
				CLANG_WARN_STRICT_PROTOTYPES = YES;
				CLANG_WARN_SUSPICIOUS_MOVE = YES;
				CLANG_WARN_UNGUARDED_AVAILABILITY = YES_AGGRESSIVE;
				CLANG_WARN_UNREACHABLE_CODE = YES;
				CLANG_WARN__DUPLICATE_METHOD_MATCH = YES;
				COPY_PHASE_STRIP = NO;
				DEAD_CODE_STRIPPING = YES;
				DEBUG_INFORMATION_FORMAT = "dwarf-with-dsym";
				ENABLE_NS_ASSERTIONS = NO;
				ENABLE_STRICT_OBJC_MSGSEND = YES;
				ENABLE_USER_SCRIPT_SANDBOXING = YES;
				GCC_C_LANGUAGE_STANDARD = gnu17;
				GCC_NO_COMMON_BLOCKS = YES;
				GCC_WARN_64_TO_32_BIT_CONVERSION = YES;
				GCC_WARN_ABOUT_RETURN_TYPE = YES_ERROR;
				GCC_WARN_UNDECLARED_SELECTOR = YES;
				GCC_WARN_UNINITIALIZED_AUTOS = YES_AGGRESSIVE;
				GCC_WARN_UNUSED_FUNCTION = YES;
				GCC_WARN_UNUSED_VARIABLE = YES;
				LOCALIZATION_PREFERS_STRING_CATALOGS = YES;
				MTL_ENABLE_DEBUG_INFO = NO;
				MTL_FAST_MATH = YES;
				SWIFT_COMPILATION_MODE = wholemodule;
			};
			name = Release;
		};
		9AAC41882C74668C00AC0A60 /* Debug */ = {
			isa = XCBuildConfiguration;
			buildSettings = {
				ASSETCATALOG_COMPILER_APPICON_NAME = AppIcon;
				ASSETCATALOG_COMPILER_GLOBAL_ACCENT_COLOR_NAME = AccentColor;
				CLANG_ENABLE_MODULES = YES;
				CODE_SIGN_ENTITLEMENTS = MyApp/MyApp.entitlements;
				CODE_SIGN_STYLE = Automatic;
				CURRENT_PROJECT_VERSION = 1;
				DEAD_CODE_STRIPPING = YES;
				DEVELOPMENT_ASSET_PATHS = "\"MyApp/Preview Content\"";
				DEVELOPMENT_TEAM = 99WD9D6Y46;
				ENABLE_HARDENED_RUNTIME = YES;
				ENABLE_PREVIEWS = YES;
				GENERATE_INFOPLIST_FILE = YES;
				"INFOPLIST_KEY_UIApplicationSceneManifest_Generation[sdk=iphoneos*]" = YES;
				"INFOPLIST_KEY_UIApplicationSceneManifest_Generation[sdk=iphonesimulator*]" = YES;
				"INFOPLIST_KEY_UIApplicationSupportsIndirectInputEvents[sdk=iphoneos*]" = YES;
				"INFOPLIST_KEY_UIApplicationSupportsIndirectInputEvents[sdk=iphonesimulator*]" = YES;
				"INFOPLIST_KEY_UILaunchScreen_Generation[sdk=iphoneos*]" = YES;
				"INFOPLIST_KEY_UILaunchScreen_Generation[sdk=iphonesimulator*]" = YES;
				"INFOPLIST_KEY_UIStatusBarStyle[sdk=iphoneos*]" = UIStatusBarStyleDefault;
				"INFOPLIST_KEY_UIStatusBarStyle[sdk=iphonesimulator*]" = UIStatusBarStyleDefault;
				INFOPLIST_KEY_UISupportedInterfaceOrientations_iPad = "UIInterfaceOrientationPortrait UIInterfaceOrientationPortraitUpsideDown UIInterfaceOrientationLandscapeLeft UIInterfaceOrientationLandscapeRight";
				INFOPLIST_KEY_UISupportedInterfaceOrientations_iPhone = "UIInterfaceOrientationPortrait UIInterfaceOrientationLandscapeLeft UIInterfaceOrientationLandscapeRight";
				IPHONEOS_DEPLOYMENT_TARGET = 17.5;
				LD_RUNPATH_SEARCH_PATHS = "@executable_path/Frameworks";
				"LD_RUNPATH_SEARCH_PATHS[sdk=macosx*]" = "@executable_path/../Frameworks";
				MACOSX_DEPLOYMENT_TARGET = 14.5;
				MARKETING_VERSION = 1.0;
				PRODUCT_BUNDLE_IDENTIFIER = tech.CongLeSolutionX.MyApp;
				PRODUCT_NAME = "$(TARGET_NAME)";
				SDKROOT = auto;
				SUPPORTED_PLATFORMS = "iphoneos iphonesimulator macosx";
				SWIFT_EMIT_LOC_STRINGS = YES;
				SWIFT_OBJC_BRIDGING_HEADER = "MyApp/MyApp-Bridging-Header.h";
				SWIFT_OPTIMIZATION_LEVEL = "-Onone";
				SWIFT_VERSION = 5.0;
				TARGETED_DEVICE_FAMILY = "1,2";
			};
			name = Debug;
		};
		9AAC41892C74668C00AC0A60 /* Release */ = {
			isa = XCBuildConfiguration;
			buildSettings = {
				ASSETCATALOG_COMPILER_APPICON_NAME = AppIcon;
				ASSETCATALOG_COMPILER_GLOBAL_ACCENT_COLOR_NAME = AccentColor;
				CLANG_ENABLE_MODULES = YES;
				CODE_SIGN_ENTITLEMENTS = MyApp/MyApp.entitlements;
				CODE_SIGN_STYLE = Automatic;
				CURRENT_PROJECT_VERSION = 1;
				DEAD_CODE_STRIPPING = YES;
				DEVELOPMENT_ASSET_PATHS = "\"MyApp/Preview Content\"";
				DEVELOPMENT_TEAM = 99WD9D6Y46;
				ENABLE_HARDENED_RUNTIME = YES;
				ENABLE_PREVIEWS = YES;
				GENERATE_INFOPLIST_FILE = YES;
				"INFOPLIST_KEY_UIApplicationSceneManifest_Generation[sdk=iphoneos*]" = YES;
				"INFOPLIST_KEY_UIApplicationSceneManifest_Generation[sdk=iphonesimulator*]" = YES;
				"INFOPLIST_KEY_UIApplicationSupportsIndirectInputEvents[sdk=iphoneos*]" = YES;
				"INFOPLIST_KEY_UIApplicationSupportsIndirectInputEvents[sdk=iphonesimulator*]" = YES;
				"INFOPLIST_KEY_UILaunchScreen_Generation[sdk=iphoneos*]" = YES;
				"INFOPLIST_KEY_UILaunchScreen_Generation[sdk=iphonesimulator*]" = YES;
				"INFOPLIST_KEY_UIStatusBarStyle[sdk=iphoneos*]" = UIStatusBarStyleDefault;
				"INFOPLIST_KEY_UIStatusBarStyle[sdk=iphonesimulator*]" = UIStatusBarStyleDefault;
				INFOPLIST_KEY_UISupportedInterfaceOrientations_iPad = "UIInterfaceOrientationPortrait UIInterfaceOrientationPortraitUpsideDown UIInterfaceOrientationLandscapeLeft UIInterfaceOrientationLandscapeRight";
				INFOPLIST_KEY_UISupportedInterfaceOrientations_iPhone = "UIInterfaceOrientationPortrait UIInterfaceOrientationLandscapeLeft UIInterfaceOrientationLandscapeRight";
				IPHONEOS_DEPLOYMENT_TARGET = 17.5;
				LD_RUNPATH_SEARCH_PATHS = "@executable_path/Frameworks";
				"LD_RUNPATH_SEARCH_PATHS[sdk=macosx*]" = "@executable_path/../Frameworks";
				MACOSX_DEPLOYMENT_TARGET = 14.5;
				MARKETING_VERSION = 1.0;
				PRODUCT_BUNDLE_IDENTIFIER = tech.CongLeSolutionX.MyApp;
				PRODUCT_NAME = "$(TARGET_NAME)";
				SDKROOT = auto;
				SUPPORTED_PLATFORMS = "iphoneos iphonesimulator macosx";
				SWIFT_EMIT_LOC_STRINGS = YES;
				SWIFT_OBJC_BRIDGING_HEADER = "MyApp/MyApp-Bridging-Header.h";
				SWIFT_VERSION = 5.0;
				TARGETED_DEVICE_FAMILY = "1,2";
			};
			name = Release;
		};
/* End XCBuildConfiguration section */

/* Begin XCConfigurationList section */
		9AAC41732C74668B00AC0A60 /* Build configuration list for PBXProject "MyApp" */ = {
			isa = XCConfigurationList;
			buildConfigurations = (
				9AAC41852C74668C00AC0A60 /* Debug */,
				9AAC41862C74668C00AC0A60 /* Release */,
			);
			defaultConfigurationIsVisible = 0;
			defaultConfigurationName = Release;
		};
		9AAC41872C74668C00AC0A60 /* Build configuration list for PBXNativeTarget "MyApp" */ = {
			isa = XCConfigurationList;
			buildConfigurations = (
				9AAC41882C74668C00AC0A60 /* Debug */,
				9AAC41892C74668C00AC0A60 /* Release */,
			);
			defaultConfigurationIsVisible = 0;
			defaultConfigurationName = Release;
		};
/* End XCConfigurationList section */
	};
	rootObject = 9AAC41702C74668B00AC0A60 /* Project object */;
}
